PODS:
  - HaishinKit (1.1.1):
    - Logboard (~> 2.2.1)
  - Hue (5.0.0)
  - Loaf (0.7.0)
  - Logboard (2.2.1)

DEPENDENCIES:
  - HaishinKit (~> 1.1.0)
  - Hue (~> 5.0.0)
  - Loaf

SPEC REPOS:
  https://github.com/CocoaPods/Specs.git:
    - HaishinKit
    - Hue
    - Loaf
    - Logboard

SPEC CHECKSUMS:
  HaishinKit: a42ed059e002ef6b49e81a18916e67d46364ffb4
  Hue: c129cb67be7d093a82bbbc30ce8a96757bf6f37a
  Loaf: d69937cd00649f3fa260beb8b7aef0a1feb861ef
  Logboard: 7ac9d3b127327c5fe1c438597f219dcf3c42aac4

PODFILE CHECKSUM: 70f3ccb1a2700dea63df2702091f67512d4aaae7

COCOAPODS: 1.9.1
