PODS:
  - Alamofire (4.9.1)
  - Hue (5.0.0)
  - LFLiveKit (2.6)
  - NextLevel (0.16.1)
  - RPCircularProgress (0.5.0)

DEPENDENCIES:
  - Alamofire (~> 4.7)
  - Hue (~> 5.0)
  - LFLiveKit (~> 2.6)
  - NextLevel (~> 0.16)
  - RPCircularProgress (= 0.5.0)

SPEC REPOS:
  trunk:
    - Alamofire
    - Hue
    - LFLiveKit
    - NextLevel
    - RPCircularProgress

SPEC CHECKSUMS:
  Alamofire: 85e8a02c69d6020a0d734f6054870d7ecb75cf18
  Hue: c129cb67be7d093a82bbbc30ce8a96757bf6f37a
  LFLiveKit: 2219563721f8aa0f188effc3395a06e2d53b23f2
  NextLevel: 38f7771c35b66f0caccdc2a3e130d8fb20652ede
  RPCircularProgress: 4499d4a1453dfbd3fe5bd8c6f344fd51cff3ad00

PODFILE CHECKSUM: fae79d68b5e3edd75fd1e559dca38a690cffc628

COCOAPODS: 1.8.4
