{
  "pins" : [
    {
      "identity" : "mux-stats-sdk-avplayer",
      "kind" : "remoteSourceControl",
      "location" : "https://github.com/muxinc/mux-stats-sdk-avplayer.git",
      "state" : {
        "revision" : "b4a0070f35e8407a612eb975a97982aeacd8390c",
        "version" : "3.2.0"
      }
    },
    {
      "identity" : "stats-sdk-objc",
      "kind" : "remoteSourceControl",
      "location" : "https://github.com/muxinc/stats-sdk-objc.git",
      "state" : {
        "revision" : "9e430931d3ef0a2e4607acf953aebe2b0b21c285",
        "version" : "4.5.1"
      }
    }
  ],
  "version" : 2
}
