{
  "object": {
    "pins": [
      {
        "package": "MUXSDKStats",
        "repositoryURL": "https://github.com/muxinc/mux-stats-sdk-avplayer.git",
        "state": {
          "branch": null,
          "revision": "dc7a70d5569184223d5c45f76091addd641e2421",
          "version": "2.2.1"
        }
      },
      {
        "package": "MuxCore",
        "repositoryURL": "https://github.com/muxinc/stats-sdk-objc.git",
        "state": {
          "branch": null,
          "revision": "dce787e34f53a648f42b8b3f1711f7122bdb1506",
          "version": "3.2.0"
        }
      }
    ]
  },
  "version": 1
}
