// !$*UTF8*$!
{
	archiveVersion = 1;
	classes = {
	};
	objectVersion = 52;
	objects = {

/* Begin PBXBuildFile section */
		FA8188EB261E2C2A00FBF62B /* AppDelegate.swift in Sources */ = {isa = PBXBuildFile; fileRef = FA8188EA261E2C2A00FBF62B /* AppDelegate.swift */; };
		FA8188ED261E2C2A00FBF62B /* SceneDelegate.swift in Sources */ = {isa = PBXBuildFile; fileRef = FA8188EC261E2C2A00FBF62B /* SceneDelegate.swift */; };
		FA8188EF261E2C2A00FBF62B /* ViewController.swift in Sources */ = {isa = PBXBuildFile; fileRef = FA8188EE261E2C2A00FBF62B /* ViewController.swift */; };
		FA8188F2261E2C2A00FBF62B /* Main.storyboard in Resources */ = {isa = PBXBuildFile; fileRef = FA8188F0261E2C2A00FBF62B /* Main.storyboard */; };
		FA8188F4261E2C2D00FBF62B /* Assets.xcassets in Resources */ = {isa = PBXBuildFile; fileRef = FA8188F3261E2C2D00FBF62B /* Assets.xcassets */; };
		FA8188F7261E2C2D00FBF62B /* LaunchScreen.storyboard in Resources */ = {isa = PBXBuildFile; fileRef = FA8188F5261E2C2D00FBF62B /* LaunchScreen.storyboard */; };
		FA818902261E2C2D00FBF62B /* MuxExampleVideoAppTests.swift in Sources */ = {isa = PBXBuildFile; fileRef = FA818901261E2C2D00FBF62B /* MuxExampleVideoAppTests.swift */; };
		FA81890D261E2C2D00FBF62B /* MuxExampleVideoAppUITests.swift in Sources */ = {isa = PBXBuildFile; fileRef = FA81890C261E2C2D00FBF62B /* MuxExampleVideoAppUITests.swift */; };
		FAC5AC5E263889170052F8A3 /* MUXSDKStats in Frameworks */ = {isa = PBXBuildFile; productRef = FAC5AC5D263889170052F8A3 /* MUXSDKStats */; };
/* End PBXBuildFile section */

/* Begin PBXContainerItemProxy section */
		FA8188FE261E2C2D00FBF62B /* PBXContainerItemProxy */ = {
			isa = PBXContainerItemProxy;
			containerPortal = FA8188DF261E2C2A00FBF62B /* Project object */;
			proxyType = 1;
			remoteGlobalIDString = FA8188E6261E2C2A00FBF62B;
			remoteInfo = MuxExampleVideoApp;
		};
		FA818909261E2C2D00FBF62B /* PBXContainerItemProxy */ = {
			isa = PBXContainerItemProxy;
			containerPortal = FA8188DF261E2C2A00FBF62B /* Project object */;
			proxyType = 1;
			remoteGlobalIDString = FA8188E6261E2C2A00FBF62B;
			remoteInfo = MuxExampleVideoApp;
		};
/* End PBXContainerItemProxy section */

/* Begin PBXFileReference section */
		FA8188E7261E2C2A00FBF62B /* MuxExampleVideoApp.app */ = {isa = PBXFileReference; explicitFileType = wrapper.application; includeInIndex = 0; path = MuxExampleVideoApp.app; sourceTree = BUILT_PRODUCTS_DIR; };
		FA8188EA261E2C2A00FBF62B /* AppDelegate.swift */ = {isa = PBXFileReference; lastKnownFileType = sourcecode.swift; path = AppDelegate.swift; sourceTree = "<group>"; };
		FA8188EC261E2C2A00FBF62B /* SceneDelegate.swift */ = {isa = PBXFileReference; lastKnownFileType = sourcecode.swift; path = SceneDelegate.swift; sourceTree = "<group>"; };
		FA8188EE261E2C2A00FBF62B /* ViewController.swift */ = {isa = PBXFileReference; lastKnownFileType = sourcecode.swift; path = ViewController.swift; sourceTree = "<group>"; };
		FA8188F1261E2C2A00FBF62B /* Base */ = {isa = PBXFileReference; lastKnownFileType = file.storyboard; name = Base; path = Base.lproj/Main.storyboard; sourceTree = "<group>"; };
		FA8188F3261E2C2D00FBF62B /* Assets.xcassets */ = {isa = PBXFileReference; lastKnownFileType = folder.assetcatalog; path = Assets.xcassets; sourceTree = "<group>"; };
		FA8188F6261E2C2D00FBF62B /* Base */ = {isa = PBXFileReference; lastKnownFileType = file.storyboard; name = Base; path = Base.lproj/LaunchScreen.storyboard; sourceTree = "<group>"; };
		FA8188F8261E2C2D00FBF62B /* Info.plist */ = {isa = PBXFileReference; lastKnownFileType = text.plist.xml; path = Info.plist; sourceTree = "<group>"; };
		FA8188FD261E2C2D00FBF62B /* MuxExampleVideoAppTests.xctest */ = {isa = PBXFileReference; explicitFileType = wrapper.cfbundle; includeInIndex = 0; path = MuxExampleVideoAppTests.xctest; sourceTree = BUILT_PRODUCTS_DIR; };
		FA818901261E2C2D00FBF62B /* MuxExampleVideoAppTests.swift */ = {isa = PBXFileReference; lastKnownFileType = sourcecode.swift; path = MuxExampleVideoAppTests.swift; sourceTree = "<group>"; };
		FA818903261E2C2D00FBF62B /* Info.plist */ = {isa = PBXFileReference; lastKnownFileType = text.plist.xml; path = Info.plist; sourceTree = "<group>"; };
		FA818908261E2C2D00FBF62B /* MuxExampleVideoAppUITests.xctest */ = {isa = PBXFileReference; explicitFileType = wrapper.cfbundle; includeInIndex = 0; path = MuxExampleVideoAppUITests.xctest; sourceTree = BUILT_PRODUCTS_DIR; };
		FA81890C261E2C2D00FBF62B /* MuxExampleVideoAppUITests.swift */ = {isa = PBXFileReference; lastKnownFileType = sourcecode.swift; path = MuxExampleVideoAppUITests.swift; sourceTree = "<group>"; };
		FA81890E261E2C2D00FBF62B /* Info.plist */ = {isa = PBXFileReference; lastKnownFileType = text.plist.xml; path = Info.plist; sourceTree = "<group>"; };
/* End PBXFileReference section */

/* Begin PBXFrameworksBuildPhase section */
		FA8188E4261E2C2A00FBF62B /* Frameworks */ = {
			isa = PBXFrameworksBuildPhase;
			buildActionMask = 2147483647;
			files = (
				FAC5AC5E263889170052F8A3 /* MUXSDKStats in Frameworks */,
			);
			runOnlyForDeploymentPostprocessing = 0;
		};
		FA8188FA261E2C2D00FBF62B /* Frameworks */ = {
			isa = PBXFrameworksBuildPhase;
			buildActionMask = 2147483647;
			files = (
			);
			runOnlyForDeploymentPostprocessing = 0;
		};
		FA818905261E2C2D00FBF62B /* Frameworks */ = {
			isa = PBXFrameworksBuildPhase;
			buildActionMask = 2147483647;
			files = (
			);
			runOnlyForDeploymentPostprocessing = 0;
		};
/* End PBXFrameworksBuildPhase section */

/* Begin PBXGroup section */
		FA8188DE261E2C2A00FBF62B = {
			isa = PBXGroup;
			children = (
				FA8188E9261E2C2A00FBF62B /* MuxExampleVideoApp */,
				FA818900261E2C2D00FBF62B /* MuxExampleVideoAppTests */,
				FA81890B261E2C2D00FBF62B /* MuxExampleVideoAppUITests */,
				FA8188E8261E2C2A00FBF62B /* Products */,
			);
			sourceTree = "<group>";
		};
		FA8188E8261E2C2A00FBF62B /* Products */ = {
			isa = PBXGroup;
			children = (
				FA8188E7261E2C2A00FBF62B /* MuxExampleVideoApp.app */,
				FA8188FD261E2C2D00FBF62B /* MuxExampleVideoAppTests.xctest */,
				FA818908261E2C2D00FBF62B /* MuxExampleVideoAppUITests.xctest */,
			);
			name = Products;
			sourceTree = "<group>";
		};
		FA8188E9261E2C2A00FBF62B /* MuxExampleVideoApp */ = {
			isa = PBXGroup;
			children = (
				FA8188EA261E2C2A00FBF62B /* AppDelegate.swift */,
				FA8188EC261E2C2A00FBF62B /* SceneDelegate.swift */,
				FA8188EE261E2C2A00FBF62B /* ViewController.swift */,
				FA8188F0261E2C2A00FBF62B /* Main.storyboard */,
				FA8188F3261E2C2D00FBF62B /* Assets.xcassets */,
				FA8188F5261E2C2D00FBF62B /* LaunchScreen.storyboard */,
				FA8188F8261E2C2D00FBF62B /* Info.plist */,
			);
			path = MuxExampleVideoApp;
			sourceTree = "<group>";
		};
		FA818900261E2C2D00FBF62B /* MuxExampleVideoAppTests */ = {
			isa = PBXGroup;
			children = (
				FA818901261E2C2D00FBF62B /* MuxExampleVideoAppTests.swift */,
				FA818903261E2C2D00FBF62B /* Info.plist */,
			);
			path = MuxExampleVideoAppTests;
			sourceTree = "<group>";
		};
		FA81890B261E2C2D00FBF62B /* MuxExampleVideoAppUITests */ = {
			isa = PBXGroup;
			children = (
				FA81890C261E2C2D00FBF62B /* MuxExampleVideoAppUITests.swift */,
				FA81890E261E2C2D00FBF62B /* Info.plist */,
			);
			path = MuxExampleVideoAppUITests;
			sourceTree = "<group>";
		};
/* End PBXGroup section */

/* Begin PBXNativeTarget section */
		FA8188E6261E2C2A00FBF62B /* MuxExampleVideoApp */ = {
			isa = PBXNativeTarget;
			buildConfigurationList = FA818911261E2C2D00FBF62B /* Build configuration list for PBXNativeTarget "MuxExampleVideoApp" */;
			buildPhases = (
				FA8188E3261E2C2A00FBF62B /* Sources */,
				FA8188E4261E2C2A00FBF62B /* Frameworks */,
				FA8188E5261E2C2A00FBF62B /* Resources */,
			);
			buildRules = (
			);
			dependencies = (
			);
			name = MuxExampleVideoApp;
			packageProductDependencies = (
				FAC5AC5D263889170052F8A3 /* MUXSDKStats */,
			);
			productName = MuxExampleVideoApp;
			productReference = FA8188E7261E2C2A00FBF62B /* MuxExampleVideoApp.app */;
			productType = "com.apple.product-type.application";
		};
		FA8188FC261E2C2D00FBF62B /* MuxExampleVideoAppTests */ = {
			isa = PBXNativeTarget;
			buildConfigurationList = FA818914261E2C2D00FBF62B /* Build configuration list for PBXNativeTarget "MuxExampleVideoAppTests" */;
			buildPhases = (
				FA8188F9261E2C2D00FBF62B /* Sources */,
				FA8188FA261E2C2D00FBF62B /* Frameworks */,
				FA8188FB261E2C2D00FBF62B /* Resources */,
			);
			buildRules = (
			);
			dependencies = (
				FA8188FF261E2C2D00FBF62B /* PBXTargetDependency */,
			);
			name = MuxExampleVideoAppTests;
			productName = MuxExampleVideoAppTests;
			productReference = FA8188FD261E2C2D00FBF62B /* MuxExampleVideoAppTests.xctest */;
			productType = "com.apple.product-type.bundle.unit-test";
		};
		FA818907261E2C2D00FBF62B /* MuxExampleVideoAppUITests */ = {
			isa = PBXNativeTarget;
			buildConfigurationList = FA818917261E2C2D00FBF62B /* Build configuration list for PBXNativeTarget "MuxExampleVideoAppUITests" */;
			buildPhases = (
				FA818904261E2C2D00FBF62B /* Sources */,
				FA818905261E2C2D00FBF62B /* Frameworks */,
				FA818906261E2C2D00FBF62B /* Resources */,
			);
			buildRules = (
			);
			dependencies = (
				FA81890A261E2C2D00FBF62B /* PBXTargetDependency */,
			);
			name = MuxExampleVideoAppUITests;
			productName = MuxExampleVideoAppUITests;
			productReference = FA818908261E2C2D00FBF62B /* MuxExampleVideoAppUITests.xctest */;
			productType = "com.apple.product-type.bundle.ui-testing";
		};
/* End PBXNativeTarget section */

/* Begin PBXProject section */
		FA8188DF261E2C2A00FBF62B /* Project object */ = {
			isa = PBXProject;
			attributes = {
				LastSwiftUpdateCheck = 1240;
				LastUpgradeCheck = 1240;
				TargetAttributes = {
					FA8188E6261E2C2A00FBF62B = {
						CreatedOnToolsVersion = 12.4;
					};
					FA8188FC261E2C2D00FBF62B = {
						CreatedOnToolsVersion = 12.4;
						TestTargetID = FA8188E6261E2C2A00FBF62B;
					};
					FA818907261E2C2D00FBF62B = {
						CreatedOnToolsVersion = 12.4;
						TestTargetID = FA8188E6261E2C2A00FBF62B;
					};
				};
			};
			buildConfigurationList = FA8188E2261E2C2A00FBF62B /* Build configuration list for PBXProject "MuxExampleVideoApp" */;
			compatibilityVersion = "Xcode 9.3";
			developmentRegion = en;
			hasScannedForEncodings = 0;
			knownRegions = (
				en,
				Base,
			);
			mainGroup = FA8188DE261E2C2A00FBF62B;
			packageReferences = (
				FAC5AC5C263889170052F8A3 /* XCRemoteSwiftPackageReference "mux-stats-sdk-avplayer" */,
			);
			productRefGroup = FA8188E8261E2C2A00FBF62B /* Products */;
			projectDirPath = "";
			projectRoot = "";
			targets = (
				FA8188E6261E2C2A00FBF62B /* MuxExampleVideoApp */,
				FA8188FC261E2C2D00FBF62B /* MuxExampleVideoAppTests */,
				FA818907261E2C2D00FBF62B /* MuxExampleVideoAppUITests */,
			);
		};
/* End PBXProject section */

/* Begin PBXResourcesBuildPhase section */
		FA8188E5261E2C2A00FBF62B /* Resources */ = {
			isa = PBXResourcesBuildPhase;
			buildActionMask = 2147483647;
			files = (
				FA8188F7261E2C2D00FBF62B /* LaunchScreen.storyboard in Resources */,
				FA8188F4261E2C2D00FBF62B /* Assets.xcassets in Resources */,
				FA8188F2261E2C2A00FBF62B /* Main.storyboard in Resources */,
			);
			runOnlyForDeploymentPostprocessing = 0;
		};
		FA8188FB261E2C2D00FBF62B /* Resources */ = {
			isa = PBXResourcesBuildPhase;
			buildActionMask = 2147483647;
			files = (
			);
			runOnlyForDeploymentPostprocessing = 0;
		};
		FA818906261E2C2D00FBF62B /* Resources */ = {
			isa = PBXResourcesBuildPhase;
			buildActionMask = 2147483647;
			files = (
			);
			runOnlyForDeploymentPostprocessing = 0;
		};
/* End PBXResourcesBuildPhase section */

/* Begin PBXSourcesBuildPhase section */
		FA8188E3261E2C2A00FBF62B /* Sources */ = {
			isa = PBXSourcesBuildPhase;
			buildActionMask = 2147483647;
			files = (
				FA8188EF261E2C2A00FBF62B /* ViewController.swift in Sources */,
				FA8188EB261E2C2A00FBF62B /* AppDelegate.swift in Sources */,
				FA8188ED261E2C2A00FBF62B /* SceneDelegate.swift in Sources */,
			);
			runOnlyForDeploymentPostprocessing = 0;
		};
		FA8188F9261E2C2D00FBF62B /* Sources */ = {
			isa = PBXSourcesBuildPhase;
			buildActionMask = 2147483647;
			files = (
				FA818902261E2C2D00FBF62B /* MuxExampleVideoAppTests.swift in Sources */,
			);
			runOnlyForDeploymentPostprocessing = 0;
		};
		FA818904261E2C2D00FBF62B /* Sources */ = {
			isa = PBXSourcesBuildPhase;
			buildActionMask = 2147483647;
			files = (
				FA81890D261E2C2D00FBF62B /* MuxExampleVideoAppUITests.swift in Sources */,
			);
			runOnlyForDeploymentPostprocessing = 0;
		};
/* End PBXSourcesBuildPhase section */

/* Begin PBXTargetDependency section */
		FA8188FF261E2C2D00FBF62B /* PBXTargetDependency */ = {
			isa = PBXTargetDependency;
			target = FA8188E6261E2C2A00FBF62B /* MuxExampleVideoApp */;
			targetProxy = FA8188FE261E2C2D00FBF62B /* PBXContainerItemProxy */;
		};
		FA81890A261E2C2D00FBF62B /* PBXTargetDependency */ = {
			isa = PBXTargetDependency;
			target = FA8188E6261E2C2A00FBF62B /* MuxExampleVideoApp */;
			targetProxy = FA818909261E2C2D00FBF62B /* PBXContainerItemProxy */;
		};
/* End PBXTargetDependency section */

/* Begin PBXVariantGroup section */
		FA8188F0261E2C2A00FBF62B /* Main.storyboard */ = {
			isa = PBXVariantGroup;
			children = (
				FA8188F1261E2C2A00FBF62B /* Base */,
			);
			name = Main.storyboard;
			sourceTree = "<group>";
		};
		FA8188F5261E2C2D00FBF62B /* LaunchScreen.storyboard */ = {
			isa = PBXVariantGroup;
			children = (
				FA8188F6261E2C2D00FBF62B /* Base */,
			);
			name = LaunchScreen.storyboard;
			sourceTree = "<group>";
		};
/* End PBXVariantGroup section */

/* Begin XCBuildConfiguration section */
		FA81890F261E2C2D00FBF62B /* Debug */ = {
			isa = XCBuildConfiguration;
			buildSettings = {
				ALWAYS_SEARCH_USER_PATHS = NO;
				CLANG_ANALYZER_NONNULL = YES;
				CLANG_ANALYZER_NUMBER_OBJECT_CONVERSION = YES_AGGRESSIVE;
				CLANG_CXX_LANGUAGE_STANDARD = "gnu++14";
				CLANG_CXX_LIBRARY = "libc++";
				CLANG_ENABLE_MODULES = YES;
				CLANG_ENABLE_OBJC_ARC = YES;
				CLANG_ENABLE_OBJC_WEAK = YES;
				CLANG_WARN_BLOCK_CAPTURE_AUTORELEASING = YES;
				CLANG_WARN_BOOL_CONVERSION = YES;
				CLANG_WARN_COMMA = YES;
				CLANG_WARN_CONSTANT_CONVERSION = YES;
				CLANG_WARN_DEPRECATED_OBJC_IMPLEMENTATIONS = YES;
				CLANG_WARN_DIRECT_OBJC_ISA_USAGE = YES_ERROR;
				CLANG_WARN_DOCUMENTATION_COMMENTS = YES;
				CLANG_WARN_EMPTY_BODY = YES;
				CLANG_WARN_ENUM_CONVERSION = YES;
				CLANG_WARN_INFINITE_RECURSION = YES;
				CLANG_WARN_INT_CONVERSION = YES;
				CLANG_WARN_NON_LITERAL_NULL_CONVERSION = YES;
				CLANG_WARN_OBJC_IMPLICIT_RETAIN_SELF = YES;
				CLANG_WARN_OBJC_LITERAL_CONVERSION = YES;
				CLANG_WARN_OBJC_ROOT_CLASS = YES_ERROR;
				CLANG_WARN_QUOTED_INCLUDE_IN_FRAMEWORK_HEADER = YES;
				CLANG_WARN_RANGE_LOOP_ANALYSIS = YES;
				CLANG_WARN_STRICT_PROTOTYPES = YES;
				CLANG_WARN_SUSPICIOUS_MOVE = YES;
				CLANG_WARN_UNGUARDED_AVAILABILITY = YES_AGGRESSIVE;
				CLANG_WARN_UNREACHABLE_CODE = YES;
				CLANG_WARN__DUPLICATE_METHOD_MATCH = YES;
				COPY_PHASE_STRIP = NO;
				DEBUG_INFORMATION_FORMAT = dwarf;
				ENABLE_STRICT_OBJC_MSGSEND = YES;
				ENABLE_TESTABILITY = YES;
				GCC_C_LANGUAGE_STANDARD = gnu11;
				GCC_DYNAMIC_NO_PIC = NO;
				GCC_NO_COMMON_BLOCKS = YES;
				GCC_OPTIMIZATION_LEVEL = 0;
				GCC_PREPROCESSOR_DEFINITIONS = (
					"DEBUG=1",
					"$(inherited)",
				);
				GCC_WARN_64_TO_32_BIT_CONVERSION = YES;
				GCC_WARN_ABOUT_RETURN_TYPE = YES_ERROR;
				GCC_WARN_UNDECLARED_SELECTOR = YES;
				GCC_WARN_UNINITIALIZED_AUTOS = YES_AGGRESSIVE;
				GCC_WARN_UNUSED_FUNCTION = YES;
				GCC_WARN_UNUSED_VARIABLE = YES;
				IPHONEOS_DEPLOYMENT_TARGET = 14.4;
				MTL_ENABLE_DEBUG_INFO = INCLUDE_SOURCE;
				MTL_FAST_MATH = YES;
				ONLY_ACTIVE_ARCH = YES;
				SDKROOT = iphoneos;
				SWIFT_ACTIVE_COMPILATION_CONDITIONS = DEBUG;
				SWIFT_OPTIMIZATION_LEVEL = "-Onone";
			};
			name = Debug;
		};
		FA818910261E2C2D00FBF62B /* Release */ = {
			isa = XCBuildConfiguration;
			buildSettings = {
				ALWAYS_SEARCH_USER_PATHS = NO;
				CLANG_ANALYZER_NONNULL = YES;
				CLANG_ANALYZER_NUMBER_OBJECT_CONVERSION = YES_AGGRESSIVE;
				CLANG_CXX_LANGUAGE_STANDARD = "gnu++14";
				CLANG_CXX_LIBRARY = "libc++";
				CLANG_ENABLE_MODULES = YES;
				CLANG_ENABLE_OBJC_ARC = YES;
				CLANG_ENABLE_OBJC_WEAK = YES;
				CLANG_WARN_BLOCK_CAPTURE_AUTORELEASING = YES;
				CLANG_WARN_BOOL_CONVERSION = YES;
				CLANG_WARN_COMMA = YES;
				CLANG_WARN_CONSTANT_CONVERSION = YES;
				CLANG_WARN_DEPRECATED_OBJC_IMPLEMENTATIONS = YES;
				CLANG_WARN_DIRECT_OBJC_ISA_USAGE = YES_ERROR;
				CLANG_WARN_DOCUMENTATION_COMMENTS = YES;
				CLANG_WARN_EMPTY_BODY = YES;
				CLANG_WARN_ENUM_CONVERSION = YES;
				CLANG_WARN_INFINITE_RECURSION = YES;
				CLANG_WARN_INT_CONVERSION = YES;
				CLANG_WARN_NON_LITERAL_NULL_CONVERSION = YES;
				CLANG_WARN_OBJC_IMPLICIT_RETAIN_SELF = YES;
				CLANG_WARN_OBJC_LITERAL_CONVERSION = YES;
				CLANG_WARN_OBJC_ROOT_CLASS = YES_ERROR;
				CLANG_WARN_QUOTED_INCLUDE_IN_FRAMEWORK_HEADER = YES;
				CLANG_WARN_RANGE_LOOP_ANALYSIS = YES;
				CLANG_WARN_STRICT_PROTOTYPES = YES;
				CLANG_WARN_SUSPICIOUS_MOVE = YES;
				CLANG_WARN_UNGUARDED_AVAILABILITY = YES_AGGRESSIVE;
				CLANG_WARN_UNREACHABLE_CODE = YES;
				CLANG_WARN__DUPLICATE_METHOD_MATCH = YES;
				COPY_PHASE_STRIP = NO;
				DEBUG_INFORMATION_FORMAT = "dwarf-with-dsym";
				ENABLE_NS_ASSERTIONS = NO;
				ENABLE_STRICT_OBJC_MSGSEND = YES;
				GCC_C_LANGUAGE_STANDARD = gnu11;
				GCC_NO_COMMON_BLOCKS = YES;
				GCC_WARN_64_TO_32_BIT_CONVERSION = YES;
				GCC_WARN_ABOUT_RETURN_TYPE = YES_ERROR;
				GCC_WARN_UNDECLARED_SELECTOR = YES;
				GCC_WARN_UNINITIALIZED_AUTOS = YES_AGGRESSIVE;
				GCC_WARN_UNUSED_FUNCTION = YES;
				GCC_WARN_UNUSED_VARIABLE = YES;
				IPHONEOS_DEPLOYMENT_TARGET = 14.4;
				MTL_ENABLE_DEBUG_INFO = NO;
				MTL_FAST_MATH = YES;
				SDKROOT = iphoneos;
				SWIFT_COMPILATION_MODE = wholemodule;
				SWIFT_OPTIMIZATION_LEVEL = "-O";
				VALIDATE_PRODUCT = YES;
			};
			name = Release;
		};
		FA818912261E2C2D00FBF62B /* Debug */ = {
			isa = XCBuildConfiguration;
			buildSettings = {
				ASSETCATALOG_COMPILER_APPICON_NAME = AppIcon;
				ASSETCATALOG_COMPILER_GLOBAL_ACCENT_COLOR_NAME = AccentColor;
				CODE_SIGN_STYLE = Automatic;
				DEVELOPMENT_TEAM = CX6AHWLHM6;
				INFOPLIST_FILE = MuxExampleVideoApp/Info.plist;
				LD_RUNPATH_SEARCH_PATHS = (
					"$(inherited)",
					"@executable_path/Frameworks",
				);
				PRODUCT_BUNDLE_IDENTIFIER = com.mux.MuxExampleVideoApp;
				PRODUCT_NAME = "$(TARGET_NAME)";
				SWIFT_VERSION = 5.0;
				TARGETED_DEVICE_FAMILY = "1,2";
			};
			name = Debug;
		};
		FA818913261E2C2D00FBF62B /* Release */ = {
			isa = XCBuildConfiguration;
			buildSettings = {
				ASSETCATALOG_COMPILER_APPICON_NAME = AppIcon;
				ASSETCATALOG_COMPILER_GLOBAL_ACCENT_COLOR_NAME = AccentColor;
				CODE_SIGN_STYLE = Automatic;
				DEVELOPMENT_TEAM = CX6AHWLHM6;
				INFOPLIST_FILE = MuxExampleVideoApp/Info.plist;
				LD_RUNPATH_SEARCH_PATHS = (
					"$(inherited)",
					"@executable_path/Frameworks",
				);
				PRODUCT_BUNDLE_IDENTIFIER = com.mux.MuxExampleVideoApp;
				PRODUCT_NAME = "$(TARGET_NAME)";
				SWIFT_VERSION = 5.0;
				TARGETED_DEVICE_FAMILY = "1,2";
			};
			name = Release;
		};
		FA818915261E2C2D00FBF62B /* Debug */ = {
			isa = XCBuildConfiguration;
			buildSettings = {
				ALWAYS_EMBED_SWIFT_STANDARD_LIBRARIES = YES;
				BUNDLE_LOADER = "$(TEST_HOST)";
				CODE_SIGN_STYLE = Automatic;
				DEVELOPMENT_TEAM = CX6AHWLHM6;
				INFOPLIST_FILE = MuxExampleVideoAppTests/Info.plist;
				IPHONEOS_DEPLOYMENT_TARGET = 14.4;
				LD_RUNPATH_SEARCH_PATHS = (
					"$(inherited)",
					"@executable_path/Frameworks",
					"@loader_path/Frameworks",
				);
				PRODUCT_BUNDLE_IDENTIFIER = com.mux.MuxExampleVideoAppTests;
				PRODUCT_NAME = "$(TARGET_NAME)";
				SWIFT_VERSION = 5.0;
				TARGETED_DEVICE_FAMILY = "1,2";
				TEST_HOST = "$(BUILT_PRODUCTS_DIR)/MuxExampleVideoApp.app/MuxExampleVideoApp";
			};
			name = Debug;
		};
		FA818916261E2C2D00FBF62B /* Release */ = {
			isa = XCBuildConfiguration;
			buildSettings = {
				ALWAYS_EMBED_SWIFT_STANDARD_LIBRARIES = YES;
				BUNDLE_LOADER = "$(TEST_HOST)";
				CODE_SIGN_STYLE = Automatic;
				DEVELOPMENT_TEAM = CX6AHWLHM6;
				INFOPLIST_FILE = MuxExampleVideoAppTests/Info.plist;
				IPHONEOS_DEPLOYMENT_TARGET = 14.4;
				LD_RUNPATH_SEARCH_PATHS = (
					"$(inherited)",
					"@executable_path/Frameworks",
					"@loader_path/Frameworks",
				);
				PRODUCT_BUNDLE_IDENTIFIER = com.mux.MuxExampleVideoAppTests;
				PRODUCT_NAME = "$(TARGET_NAME)";
				SWIFT_VERSION = 5.0;
				TARGETED_DEVICE_FAMILY = "1,2";
				TEST_HOST = "$(BUILT_PRODUCTS_DIR)/MuxExampleVideoApp.app/MuxExampleVideoApp";
			};
			name = Release;
		};
		FA818918261E2C2D00FBF62B /* Debug */ = {
			isa = XCBuildConfiguration;
			buildSettings = {
				ALWAYS_EMBED_SWIFT_STANDARD_LIBRARIES = YES;
				CODE_SIGN_STYLE = Automatic;
				DEVELOPMENT_TEAM = CX6AHWLHM6;
				INFOPLIST_FILE = MuxExampleVideoAppUITests/Info.plist;
				LD_RUNPATH_SEARCH_PATHS = (
					"$(inherited)",
					"@executable_path/Frameworks",
					"@loader_path/Frameworks",
				);
				PRODUCT_BUNDLE_IDENTIFIER = com.mux.MuxExampleVideoAppUITests;
				PRODUCT_NAME = "$(TARGET_NAME)";
				SWIFT_VERSION = 5.0;
				TARGETED_DEVICE_FAMILY = "1,2";
				TEST_TARGET_NAME = MuxExampleVideoApp;
			};
			name = Debug;
		};
		FA818919261E2C2D00FBF62B /* Release */ = {
			isa = XCBuildConfiguration;
			buildSettings = {
				ALWAYS_EMBED_SWIFT_STANDARD_LIBRARIES = YES;
				CODE_SIGN_STYLE = Automatic;
				DEVELOPMENT_TEAM = CX6AHWLHM6;
				INFOPLIST_FILE = MuxExampleVideoAppUITests/Info.plist;
				LD_RUNPATH_SEARCH_PATHS = (
					"$(inherited)",
					"@executable_path/Frameworks",
					"@loader_path/Frameworks",
				);
				PRODUCT_BUNDLE_IDENTIFIER = com.mux.MuxExampleVideoAppUITests;
				PRODUCT_NAME = "$(TARGET_NAME)";
				SWIFT_VERSION = 5.0;
				TARGETED_DEVICE_FAMILY = "1,2";
				TEST_TARGET_NAME = MuxExampleVideoApp;
			};
			name = Release;
		};
/* End XCBuildConfiguration section */

/* Begin XCConfigurationList section */
		FA8188E2261E2C2A00FBF62B /* Build configuration list for PBXProject "MuxExampleVideoApp" */ = {
			isa = XCConfigurationList;
			buildConfigurations = (
				FA81890F261E2C2D00FBF62B /* Debug */,
				FA818910261E2C2D00FBF62B /* Release */,
			);
			defaultConfigurationIsVisible = 0;
			defaultConfigurationName = Release;
		};
		FA818911261E2C2D00FBF62B /* Build configuration list for PBXNativeTarget "MuxExampleVideoApp" */ = {
			isa = XCConfigurationList;
			buildConfigurations = (
				FA818912261E2C2D00FBF62B /* Debug */,
				FA818913261E2C2D00FBF62B /* Release */,
			);
			defaultConfigurationIsVisible = 0;
			defaultConfigurationName = Release;
		};
		FA818914261E2C2D00FBF62B /* Build configuration list for PBXNativeTarget "MuxExampleVideoAppTests" */ = {
			isa = XCConfigurationList;
			buildConfigurations = (
				FA818915261E2C2D00FBF62B /* Debug */,
				FA818916261E2C2D00FBF62B /* Release */,
			);
			defaultConfigurationIsVisible = 0;
			defaultConfigurationName = Release;
		};
		FA818917261E2C2D00FBF62B /* Build configuration list for PBXNativeTarget "MuxExampleVideoAppUITests" */ = {
			isa = XCConfigurationList;
			buildConfigurations = (
				FA818918261E2C2D00FBF62B /* Debug */,
				FA818919261E2C2D00FBF62B /* Release */,
			);
			defaultConfigurationIsVisible = 0;
			defaultConfigurationName = Release;
		};
/* End XCConfigurationList section */

/* Begin XCRemoteSwiftPackageReference section */
		FAC5AC5C263889170052F8A3 /* XCRemoteSwiftPackageReference "mux-stats-sdk-avplayer" */ = {
			isa = XCRemoteSwiftPackageReference;
			repositoryURL = "https://github.com/muxinc/mux-stats-sdk-avplayer.git";
			requirement = {
				kind = upToNextMajorVersion;
				minimumVersion = 2.2.1;
			};
		};
/* End XCRemoteSwiftPackageReference section */

/* Begin XCSwiftPackageProductDependency section */
		FAC5AC5D263889170052F8A3 /* MUXSDKStats */ = {
			isa = XCSwiftPackageProductDependency;
			package = FAC5AC5C263889170052F8A3 /* XCRemoteSwiftPackageReference "mux-stats-sdk-avplayer" */;
			productName = MUXSDKStats;
		};
/* End XCSwiftPackageProductDependency section */
	};
	rootObject = FA8188DF261E2C2A00FBF62B /* Project object */;
}
