// !$*UTF8*$!
{
	archiveVersion = 1;
	classes = {
	};
	objectVersion = 60;
	objects = {

/* Begin PBXBuildFile section */
		19A571382AC1DF56003416DE /* AppDelegate.swift in Sources */ = {isa = PBXBuildFile; fileRef = 19A571372AC1DF56003416DE /* AppDelegate.swift */; };
		19A5713A2AC1DF56003416DE /* SceneDelegate.swift in Sources */ = {isa = PBXBuildFile; fileRef = 19A571392AC1DF56003416DE /* SceneDelegate.swift */; };
		19A5713F2AC1DF56003416DE /* Main.storyboard in Resources */ = {isa = PBXBuildFile; fileRef = 19A5713D2AC1DF56003416DE /* Main.storyboard */; };
		19A571412AC1DF57003416DE /* Assets.xcassets in Resources */ = {isa = PBXBuildFile; fileRef = 19A571402AC1DF57003416DE /* Assets.xcassets */; };
		19A571442AC1DF57003416DE /* LaunchScreen.storyboard in Resources */ = {isa = PBXBuildFile; fileRef = 19A571422AC1DF57003416DE /* LaunchScreen.storyboard */; };
		19A5714F2AC1DF57003416DE /* SwiftDataLibraryInstallationTests.swift in Sources */ = {isa = PBXBuildFile; fileRef = 19A5714E2AC1DF57003416DE /* SwiftDataLibraryInstallationTests.swift */; };
		19A571592AC1DF57003416DE /* SwiftDataLibraryInstallationUITests.swift in Sources */ = {isa = PBXBuildFile; fileRef = 19A571582AC1DF57003416DE /* SwiftDataLibraryInstallationUITests.swift */; };
		19A5715B2AC1DF57003416DE /* SwiftDataLibraryInstallationUITestsLaunchTests.swift in Sources */ = {isa = PBXBuildFile; fileRef = 19A5715A2AC1DF57003416DE /* SwiftDataLibraryInstallationUITestsLaunchTests.swift */; };
		19A571692AC1DF8C003416DE /* MuxDataContainer in Frameworks */ = {isa = PBXBuildFile; productRef = 19A571682AC1DF8C003416DE /* MuxDataContainer */; };
		19A5716B2AC1DFAD003416DE /* BasicPlaybackExampleViewController.swift in Sources */ = {isa = PBXBuildFile; fileRef = 19A5716A2AC1DFAD003416DE /* BasicPlaybackExampleViewController.swift */; };
		19A5716D2AC1DFC4003416DE /* PlayerLayerExampleViewController.swift in Sources */ = {isa = PBXBuildFile; fileRef = 19A5716C2AC1DFC4003416DE /* PlayerLayerExampleViewController.swift */; };
/* End PBXBuildFile section */

/* Begin PBXContainerItemProxy section */
		19A5714B2AC1DF57003416DE /* PBXContainerItemProxy */ = {
			isa = PBXContainerItemProxy;
			containerPortal = 19A5712C2AC1DF56003416DE /* Project object */;
			proxyType = 1;
			remoteGlobalIDString = 19A571332AC1DF56003416DE;
			remoteInfo = SwiftDataLibraryInstallation;
		};
		19A571552AC1DF57003416DE /* PBXContainerItemProxy */ = {
			isa = PBXContainerItemProxy;
			containerPortal = 19A5712C2AC1DF56003416DE /* Project object */;
			proxyType = 1;
			remoteGlobalIDString = 19A571332AC1DF56003416DE;
			remoteInfo = SwiftDataLibraryInstallation;
		};
/* End PBXContainerItemProxy section */

/* Begin PBXFileReference section */
		19A571342AC1DF56003416DE /* SwiftDataLibraryInstallation.app */ = {isa = PBXFileReference; explicitFileType = wrapper.application; includeInIndex = 0; path = SwiftDataLibraryInstallation.app; sourceTree = BUILT_PRODUCTS_DIR; };
		19A571372AC1DF56003416DE /* AppDelegate.swift */ = {isa = PBXFileReference; lastKnownFileType = sourcecode.swift; path = AppDelegate.swift; sourceTree = "<group>"; };
		19A571392AC1DF56003416DE /* SceneDelegate.swift */ = {isa = PBXFileReference; lastKnownFileType = sourcecode.swift; path = SceneDelegate.swift; sourceTree = "<group>"; };
		19A5713E2AC1DF56003416DE /* Base */ = {isa = PBXFileReference; lastKnownFileType = file.storyboard; name = Base; path = Base.lproj/Main.storyboard; sourceTree = "<group>"; };
		19A571402AC1DF57003416DE /* Assets.xcassets */ = {isa = PBXFileReference; lastKnownFileType = folder.assetcatalog; path = Assets.xcassets; sourceTree = "<group>"; };
		19A571432AC1DF57003416DE /* Base */ = {isa = PBXFileReference; lastKnownFileType = file.storyboard; name = Base; path = Base.lproj/LaunchScreen.storyboard; sourceTree = "<group>"; };
		19A571452AC1DF57003416DE /* Info.plist */ = {isa = PBXFileReference; lastKnownFileType = text.plist.xml; path = Info.plist; sourceTree = "<group>"; };
		19A5714A2AC1DF57003416DE /* SwiftDataLibraryInstallationTests.xctest */ = {isa = PBXFileReference; explicitFileType = wrapper.cfbundle; includeInIndex = 0; path = SwiftDataLibraryInstallationTests.xctest; sourceTree = BUILT_PRODUCTS_DIR; };
		19A5714E2AC1DF57003416DE /* SwiftDataLibraryInstallationTests.swift */ = {isa = PBXFileReference; lastKnownFileType = sourcecode.swift; path = SwiftDataLibraryInstallationTests.swift; sourceTree = "<group>"; };
		19A571542AC1DF57003416DE /* SwiftDataLibraryInstallationUITests.xctest */ = {isa = PBXFileReference; explicitFileType = wrapper.cfbundle; includeInIndex = 0; path = SwiftDataLibraryInstallationUITests.xctest; sourceTree = BUILT_PRODUCTS_DIR; };
		19A571582AC1DF57003416DE /* SwiftDataLibraryInstallationUITests.swift */ = {isa = PBXFileReference; lastKnownFileType = sourcecode.swift; path = SwiftDataLibraryInstallationUITests.swift; sourceTree = "<group>"; };
		19A5715A2AC1DF57003416DE /* SwiftDataLibraryInstallationUITestsLaunchTests.swift */ = {isa = PBXFileReference; lastKnownFileType = sourcecode.swift; path = SwiftDataLibraryInstallationUITestsLaunchTests.swift; sourceTree = "<group>"; };
		19A5716A2AC1DFAD003416DE /* BasicPlaybackExampleViewController.swift */ = {isa = PBXFileReference; lastKnownFileType = sourcecode.swift; path = BasicPlaybackExampleViewController.swift; sourceTree = "<group>"; };
		19A5716C2AC1DFC4003416DE /* PlayerLayerExampleViewController.swift */ = {isa = PBXFileReference; lastKnownFileType = sourcecode.swift; path = PlayerLayerExampleViewController.swift; sourceTree = "<group>"; };
/* End PBXFileReference section */

/* Begin PBXFrameworksBuildPhase section */
		19A571312AC1DF56003416DE /* Frameworks */ = {
			isa = PBXFrameworksBuildPhase;
			buildActionMask = 2147483647;
			files = (
				19A571692AC1DF8C003416DE /* MuxDataContainer in Frameworks */,
			);
			runOnlyForDeploymentPostprocessing = 0;
		};
		19A571472AC1DF57003416DE /* Frameworks */ = {
			isa = PBXFrameworksBuildPhase;
			buildActionMask = 2147483647;
			files = (
			);
			runOnlyForDeploymentPostprocessing = 0;
		};
		19A571512AC1DF57003416DE /* Frameworks */ = {
			isa = PBXFrameworksBuildPhase;
			buildActionMask = 2147483647;
			files = (
			);
			runOnlyForDeploymentPostprocessing = 0;
		};
/* End PBXFrameworksBuildPhase section */

/* Begin PBXGroup section */
		19A5712B2AC1DF56003416DE = {
			isa = PBXGroup;
			children = (
				19A571362AC1DF56003416DE /* SwiftDataLibraryInstallation */,
				19A5714D2AC1DF57003416DE /* SwiftDataLibraryInstallationTests */,
				19A571572AC1DF57003416DE /* SwiftDataLibraryInstallationUITests */,
				19A571352AC1DF56003416DE /* Products */,
			);
			sourceTree = "<group>";
		};
		19A571352AC1DF56003416DE /* Products */ = {
			isa = PBXGroup;
			children = (
				19A571342AC1DF56003416DE /* SwiftDataLibraryInstallation.app */,
				19A5714A2AC1DF57003416DE /* SwiftDataLibraryInstallationTests.xctest */,
				19A571542AC1DF57003416DE /* SwiftDataLibraryInstallationUITests.xctest */,
			);
			name = Products;
			sourceTree = "<group>";
		};
		19A571362AC1DF56003416DE /* SwiftDataLibraryInstallation */ = {
			isa = PBXGroup;
			children = (
				19A571372AC1DF56003416DE /* AppDelegate.swift */,
				19A571392AC1DF56003416DE /* SceneDelegate.swift */,
				19A5716A2AC1DFAD003416DE /* BasicPlaybackExampleViewController.swift */,
				19A5716C2AC1DFC4003416DE /* PlayerLayerExampleViewController.swift */,
				19A5713D2AC1DF56003416DE /* Main.storyboard */,
				19A571402AC1DF57003416DE /* Assets.xcassets */,
				19A571422AC1DF57003416DE /* LaunchScreen.storyboard */,
				19A571452AC1DF57003416DE /* Info.plist */,
			);
			path = SwiftDataLibraryInstallation;
			sourceTree = "<group>";
		};
		19A5714D2AC1DF57003416DE /* SwiftDataLibraryInstallationTests */ = {
			isa = PBXGroup;
			children = (
				19A5714E2AC1DF57003416DE /* SwiftDataLibraryInstallationTests.swift */,
			);
			path = SwiftDataLibraryInstallationTests;
			sourceTree = "<group>";
		};
		19A571572AC1DF57003416DE /* SwiftDataLibraryInstallationUITests */ = {
			isa = PBXGroup;
			children = (
				19A571582AC1DF57003416DE /* SwiftDataLibraryInstallationUITests.swift */,
				19A5715A2AC1DF57003416DE /* SwiftDataLibraryInstallationUITestsLaunchTests.swift */,
			);
			path = SwiftDataLibraryInstallationUITests;
			sourceTree = "<group>";
		};
/* End PBXGroup section */

/* Begin PBXNativeTarget section */
		19A571332AC1DF56003416DE /* SwiftDataLibraryInstallation */ = {
			isa = PBXNativeTarget;
			buildConfigurationList = 19A5715E2AC1DF57003416DE /* Build configuration list for PBXNativeTarget "SwiftDataLibraryInstallation" */;
			buildPhases = (
				19A571302AC1DF56003416DE /* Sources */,
				19A571312AC1DF56003416DE /* Frameworks */,
				19A571322AC1DF56003416DE /* Resources */,
			);
			buildRules = (
			);
			dependencies = (
			);
			name = SwiftDataLibraryInstallation;
			packageProductDependencies = (
				19A571682AC1DF8C003416DE /* MuxDataContainer */,
			);
			productName = SwiftDataLibraryInstallation;
			productReference = 19A571342AC1DF56003416DE /* SwiftDataLibraryInstallation.app */;
			productType = "com.apple.product-type.application";
		};
		19A571492AC1DF57003416DE /* SwiftDataLibraryInstallationTests */ = {
			isa = PBXNativeTarget;
			buildConfigurationList = 19A571612AC1DF57003416DE /* Build configuration list for PBXNativeTarget "SwiftDataLibraryInstallationTests" */;
			buildPhases = (
				19A571462AC1DF57003416DE /* Sources */,
				19A571472AC1DF57003416DE /* Frameworks */,
				19A571482AC1DF57003416DE /* Resources */,
			);
			buildRules = (
			);
			dependencies = (
				19A5714C2AC1DF57003416DE /* PBXTargetDependency */,
			);
			name = SwiftDataLibraryInstallationTests;
			productName = SwiftDataLibraryInstallationTests;
			productReference = 19A5714A2AC1DF57003416DE /* SwiftDataLibraryInstallationTests.xctest */;
			productType = "com.apple.product-type.bundle.unit-test";
		};
		19A571532AC1DF57003416DE /* SwiftDataLibraryInstallationUITests */ = {
			isa = PBXNativeTarget;
			buildConfigurationList = 19A571642AC1DF57003416DE /* Build configuration list for PBXNativeTarget "SwiftDataLibraryInstallationUITests" */;
			buildPhases = (
				19A571502AC1DF57003416DE /* Sources */,
				19A571512AC1DF57003416DE /* Frameworks */,
				19A571522AC1DF57003416DE /* Resources */,
			);
			buildRules = (
			);
			dependencies = (
				19A571562AC1DF57003416DE /* PBXTargetDependency */,
			);
			name = SwiftDataLibraryInstallationUITests;
			productName = SwiftDataLibraryInstallationUITests;
			productReference = 19A571542AC1DF57003416DE /* SwiftDataLibraryInstallationUITests.xctest */;
			productType = "com.apple.product-type.bundle.ui-testing";
		};
/* End PBXNativeTarget section */

/* Begin PBXProject section */
		19A5712C2AC1DF56003416DE /* Project object */ = {
			isa = PBXProject;
			attributes = {
				BuildIndependentTargetsInParallel = 1;
				LastSwiftUpdateCheck = 1500;
				LastUpgradeCheck = 1500;
				TargetAttributes = {
					19A571332AC1DF56003416DE = {
						CreatedOnToolsVersion = 15.0;
					};
					19A571492AC1DF57003416DE = {
						CreatedOnToolsVersion = 15.0;
						TestTargetID = 19A571332AC1DF56003416DE;
					};
					19A571532AC1DF57003416DE = {
						CreatedOnToolsVersion = 15.0;
						TestTargetID = 19A571332AC1DF56003416DE;
					};
				};
			};
			buildConfigurationList = 19A5712F2AC1DF56003416DE /* Build configuration list for PBXProject "SwiftDataLibraryInstallation" */;
			compatibilityVersion = "Xcode 14.0";
			developmentRegion = en;
			hasScannedForEncodings = 0;
			knownRegions = (
				en,
				Base,
			);
			mainGroup = 19A5712B2AC1DF56003416DE;
			packageReferences = (
				19A571672AC1DF8B003416DE /* XCLocalSwiftPackageReference "../MuxDataContainer" */,
			);
			productRefGroup = 19A571352AC1DF56003416DE /* Products */;
			projectDirPath = "";
			projectRoot = "";
			targets = (
				19A571332AC1DF56003416DE /* SwiftDataLibraryInstallation */,
				19A571492AC1DF57003416DE /* SwiftDataLibraryInstallationTests */,
				19A571532AC1DF57003416DE /* SwiftDataLibraryInstallationUITests */,
			);
		};
/* End PBXProject section */

/* Begin PBXResourcesBuildPhase section */
		19A571322AC1DF56003416DE /* Resources */ = {
			isa = PBXResourcesBuildPhase;
			buildActionMask = 2147483647;
			files = (
				19A571442AC1DF57003416DE /* LaunchScreen.storyboard in Resources */,
				19A571412AC1DF57003416DE /* Assets.xcassets in Resources */,
				19A5713F2AC1DF56003416DE /* Main.storyboard in Resources */,
			);
			runOnlyForDeploymentPostprocessing = 0;
		};
		19A571482AC1DF57003416DE /* Resources */ = {
			isa = PBXResourcesBuildPhase;
			buildActionMask = 2147483647;
			files = (
			);
			runOnlyForDeploymentPostprocessing = 0;
		};
		19A571522AC1DF57003416DE /* Resources */ = {
			isa = PBXResourcesBuildPhase;
			buildActionMask = 2147483647;
			files = (
			);
			runOnlyForDeploymentPostprocessing = 0;
		};
/* End PBXResourcesBuildPhase section */

/* Begin PBXSourcesBuildPhase section */
		19A571302AC1DF56003416DE /* Sources */ = {
			isa = PBXSourcesBuildPhase;
			buildActionMask = 2147483647;
			files = (
				19A5716B2AC1DFAD003416DE /* BasicPlaybackExampleViewController.swift in Sources */,
				19A571382AC1DF56003416DE /* AppDelegate.swift in Sources */,
				19A5716D2AC1DFC4003416DE /* PlayerLayerExampleViewController.swift in Sources */,
				19A5713A2AC1DF56003416DE /* SceneDelegate.swift in Sources */,
			);
			runOnlyForDeploymentPostprocessing = 0;
		};
		19A571462AC1DF57003416DE /* Sources */ = {
			isa = PBXSourcesBuildPhase;
			buildActionMask = 2147483647;
			files = (
				19A5714F2AC1DF57003416DE /* SwiftDataLibraryInstallationTests.swift in Sources */,
			);
			runOnlyForDeploymentPostprocessing = 0;
		};
		19A571502AC1DF57003416DE /* Sources */ = {
			isa = PBXSourcesBuildPhase;
			buildActionMask = 2147483647;
			files = (
				19A5715B2AC1DF57003416DE /* SwiftDataLibraryInstallationUITestsLaunchTests.swift in Sources */,
				19A571592AC1DF57003416DE /* SwiftDataLibraryInstallationUITests.swift in Sources */,
			);
			runOnlyForDeploymentPostprocessing = 0;
		};
/* End PBXSourcesBuildPhase section */

/* Begin PBXTargetDependency section */
		19A5714C2AC1DF57003416DE /* PBXTargetDependency */ = {
			isa = PBXTargetDependency;
			target = 19A571332AC1DF56003416DE /* SwiftDataLibraryInstallation */;
			targetProxy = 19A5714B2AC1DF57003416DE /* PBXContainerItemProxy */;
		};
		19A571562AC1DF57003416DE /* PBXTargetDependency */ = {
			isa = PBXTargetDependency;
			target = 19A571332AC1DF56003416DE /* SwiftDataLibraryInstallation */;
			targetProxy = 19A571552AC1DF57003416DE /* PBXContainerItemProxy */;
		};
/* End PBXTargetDependency section */

/* Begin PBXVariantGroup section */
		19A5713D2AC1DF56003416DE /* Main.storyboard */ = {
			isa = PBXVariantGroup;
			children = (
				19A5713E2AC1DF56003416DE /* Base */,
			);
			name = Main.storyboard;
			sourceTree = "<group>";
		};
		19A571422AC1DF57003416DE /* LaunchScreen.storyboard */ = {
			isa = PBXVariantGroup;
			children = (
				19A571432AC1DF57003416DE /* Base */,
			);
			name = LaunchScreen.storyboard;
			sourceTree = "<group>";
		};
/* End PBXVariantGroup section */

/* Begin XCBuildConfiguration section */
		19A5715C2AC1DF57003416DE /* Debug */ = {
			isa = XCBuildConfiguration;
			buildSettings = {
				ALWAYS_SEARCH_USER_PATHS = NO;
				ASSETCATALOG_COMPILER_GENERATE_SWIFT_ASSET_SYMBOL_EXTENSIONS = YES;
				CLANG_ANALYZER_NONNULL = YES;
				CLANG_ANALYZER_NUMBER_OBJECT_CONVERSION = YES_AGGRESSIVE;
				CLANG_CXX_LANGUAGE_STANDARD = "gnu++20";
				CLANG_ENABLE_MODULES = YES;
				CLANG_ENABLE_OBJC_ARC = YES;
				CLANG_ENABLE_OBJC_WEAK = YES;
				CLANG_WARN_BLOCK_CAPTURE_AUTORELEASING = YES;
				CLANG_WARN_BOOL_CONVERSION = YES;
				CLANG_WARN_COMMA = YES;
				CLANG_WARN_CONSTANT_CONVERSION = YES;
				CLANG_WARN_DEPRECATED_OBJC_IMPLEMENTATIONS = YES;
				CLANG_WARN_DIRECT_OBJC_ISA_USAGE = YES_ERROR;
				CLANG_WARN_DOCUMENTATION_COMMENTS = YES;
				CLANG_WARN_EMPTY_BODY = YES;
				CLANG_WARN_ENUM_CONVERSION = YES;
				CLANG_WARN_INFINITE_RECURSION = YES;
				CLANG_WARN_INT_CONVERSION = YES;
				CLANG_WARN_NON_LITERAL_NULL_CONVERSION = YES;
				CLANG_WARN_OBJC_IMPLICIT_RETAIN_SELF = YES;
				CLANG_WARN_OBJC_LITERAL_CONVERSION = YES;
				CLANG_WARN_OBJC_ROOT_CLASS = YES_ERROR;
				CLANG_WARN_QUOTED_INCLUDE_IN_FRAMEWORK_HEADER = YES;
				CLANG_WARN_RANGE_LOOP_ANALYSIS = YES;
				CLANG_WARN_STRICT_PROTOTYPES = YES;
				CLANG_WARN_SUSPICIOUS_MOVE = YES;
				CLANG_WARN_UNGUARDED_AVAILABILITY = YES_AGGRESSIVE;
				CLANG_WARN_UNREACHABLE_CODE = YES;
				CLANG_WARN__DUPLICATE_METHOD_MATCH = YES;
				COPY_PHASE_STRIP = NO;
				DEBUG_INFORMATION_FORMAT = dwarf;
				ENABLE_STRICT_OBJC_MSGSEND = YES;
				ENABLE_TESTABILITY = YES;
				ENABLE_USER_SCRIPT_SANDBOXING = YES;
				GCC_C_LANGUAGE_STANDARD = gnu17;
				GCC_DYNAMIC_NO_PIC = NO;
				GCC_NO_COMMON_BLOCKS = YES;
				GCC_OPTIMIZATION_LEVEL = 0;
				GCC_PREPROCESSOR_DEFINITIONS = (
					"DEBUG=1",
					"$(inherited)",
				);
				GCC_WARN_64_TO_32_BIT_CONVERSION = YES;
				GCC_WARN_ABOUT_RETURN_TYPE = YES_ERROR;
				GCC_WARN_UNDECLARED_SELECTOR = YES;
				GCC_WARN_UNINITIALIZED_AUTOS = YES_AGGRESSIVE;
				GCC_WARN_UNUSED_FUNCTION = YES;
				GCC_WARN_UNUSED_VARIABLE = YES;
				IPHONEOS_DEPLOYMENT_TARGET = 15.0;
				LOCALIZATION_PREFERS_STRING_CATALOGS = YES;
				MTL_ENABLE_DEBUG_INFO = INCLUDE_SOURCE;
				MTL_FAST_MATH = YES;
				ONLY_ACTIVE_ARCH = YES;
				SDKROOT = iphoneos;
				SWIFT_ACTIVE_COMPILATION_CONDITIONS = "DEBUG $(inherited)";
				SWIFT_OPTIMIZATION_LEVEL = "-Onone";
			};
			name = Debug;
		};
		19A5715D2AC1DF57003416DE /* Release */ = {
			isa = XCBuildConfiguration;
			buildSettings = {
				ALWAYS_SEARCH_USER_PATHS = NO;
				ASSETCATALOG_COMPILER_GENERATE_SWIFT_ASSET_SYMBOL_EXTENSIONS = YES;
				CLANG_ANALYZER_NONNULL = YES;
				CLANG_ANALYZER_NUMBER_OBJECT_CONVERSION = YES_AGGRESSIVE;
				CLANG_CXX_LANGUAGE_STANDARD = "gnu++20";
				CLANG_ENABLE_MODULES = YES;
				CLANG_ENABLE_OBJC_ARC = YES;
				CLANG_ENABLE_OBJC_WEAK = YES;
				CLANG_WARN_BLOCK_CAPTURE_AUTORELEASING = YES;
				CLANG_WARN_BOOL_CONVERSION = YES;
				CLANG_WARN_COMMA = YES;
				CLANG_WARN_CONSTANT_CONVERSION = YES;
				CLANG_WARN_DEPRECATED_OBJC_IMPLEMENTATIONS = YES;
				CLANG_WARN_DIRECT_OBJC_ISA_USAGE = YES_ERROR;
				CLANG_WARN_DOCUMENTATION_COMMENTS = YES;
				CLANG_WARN_EMPTY_BODY = YES;
				CLANG_WARN_ENUM_CONVERSION = YES;
				CLANG_WARN_INFINITE_RECURSION = YES;
				CLANG_WARN_INT_CONVERSION = YES;
				CLANG_WARN_NON_LITERAL_NULL_CONVERSION = YES;
				CLANG_WARN_OBJC_IMPLICIT_RETAIN_SELF = YES;
				CLANG_WARN_OBJC_LITERAL_CONVERSION = YES;
				CLANG_WARN_OBJC_ROOT_CLASS = YES_ERROR;
				CLANG_WARN_QUOTED_INCLUDE_IN_FRAMEWORK_HEADER = YES;
				CLANG_WARN_RANGE_LOOP_ANALYSIS = YES;
				CLANG_WARN_STRICT_PROTOTYPES = YES;
				CLANG_WARN_SUSPICIOUS_MOVE = YES;
				CLANG_WARN_UNGUARDED_AVAILABILITY = YES_AGGRESSIVE;
				CLANG_WARN_UNREACHABLE_CODE = YES;
				CLANG_WARN__DUPLICATE_METHOD_MATCH = YES;
				COPY_PHASE_STRIP = NO;
				DEBUG_INFORMATION_FORMAT = "dwarf-with-dsym";
				ENABLE_NS_ASSERTIONS = NO;
				ENABLE_STRICT_OBJC_MSGSEND = YES;
				ENABLE_USER_SCRIPT_SANDBOXING = YES;
				GCC_C_LANGUAGE_STANDARD = gnu17;
				GCC_NO_COMMON_BLOCKS = YES;
				GCC_WARN_64_TO_32_BIT_CONVERSION = YES;
				GCC_WARN_ABOUT_RETURN_TYPE = YES_ERROR;
				GCC_WARN_UNDECLARED_SELECTOR = YES;
				GCC_WARN_UNINITIALIZED_AUTOS = YES_AGGRESSIVE;
				GCC_WARN_UNUSED_FUNCTION = YES;
				GCC_WARN_UNUSED_VARIABLE = YES;
				IPHONEOS_DEPLOYMENT_TARGET = 15.0;
				LOCALIZATION_PREFERS_STRING_CATALOGS = YES;
				MTL_ENABLE_DEBUG_INFO = NO;
				MTL_FAST_MATH = YES;
				SDKROOT = iphoneos;
				SWIFT_COMPILATION_MODE = wholemodule;
				VALIDATE_PRODUCT = YES;
			};
			name = Release;
		};
		19A5715F2AC1DF57003416DE /* Debug */ = {
			isa = XCBuildConfiguration;
			buildSettings = {
				ASSETCATALOG_COMPILER_APPICON_NAME = AppIcon;
				ASSETCATALOG_COMPILER_GLOBAL_ACCENT_COLOR_NAME = AccentColor;
				CODE_SIGN_STYLE = Automatic;
				CURRENT_PROJECT_VERSION = 1;
				DEVELOPMENT_TEAM = XX95P4Y787;
				GENERATE_INFOPLIST_FILE = YES;
				INFOPLIST_FILE = SwiftDataLibraryInstallation/Info.plist;
				INFOPLIST_KEY_UIApplicationSupportsIndirectInputEvents = YES;
				INFOPLIST_KEY_UILaunchStoryboardName = LaunchScreen;
				INFOPLIST_KEY_UIMainStoryboardFile = Main;
				INFOPLIST_KEY_UISupportedInterfaceOrientations_iPad = "UIInterfaceOrientationPortrait UIInterfaceOrientationPortraitUpsideDown UIInterfaceOrientationLandscapeLeft UIInterfaceOrientationLandscapeRight";
				INFOPLIST_KEY_UISupportedInterfaceOrientations_iPhone = "UIInterfaceOrientationPortrait UIInterfaceOrientationLandscapeLeft UIInterfaceOrientationLandscapeRight";
				LD_RUNPATH_SEARCH_PATHS = (
					"$(inherited)",
					"@executable_path/Frameworks",
				);
				MARKETING_VERSION = 1.0;
				PRODUCT_BUNDLE_IDENTIFIER = com.mux.stats.example.swftpackagemanager.libraryinstallation.SwiftDataLibraryInstallation;
				PRODUCT_NAME = "$(TARGET_NAME)";
				SWIFT_EMIT_LOC_STRINGS = YES;
				SWIFT_VERSION = 5.0;
				TARGETED_DEVICE_FAMILY = "1,2";
			};
			name = Debug;
		};
		19A571602AC1DF57003416DE /* Release */ = {
			isa = XCBuildConfiguration;
			buildSettings = {
				ASSETCATALOG_COMPILER_APPICON_NAME = AppIcon;
				ASSETCATALOG_COMPILER_GLOBAL_ACCENT_COLOR_NAME = AccentColor;
				CODE_SIGN_STYLE = Automatic;
				CURRENT_PROJECT_VERSION = 1;
				DEVELOPMENT_TEAM = XX95P4Y787;
				GENERATE_INFOPLIST_FILE = YES;
				INFOPLIST_FILE = SwiftDataLibraryInstallation/Info.plist;
				INFOPLIST_KEY_UIApplicationSupportsIndirectInputEvents = YES;
				INFOPLIST_KEY_UILaunchStoryboardName = LaunchScreen;
				INFOPLIST_KEY_UIMainStoryboardFile = Main;
				INFOPLIST_KEY_UISupportedInterfaceOrientations_iPad = "UIInterfaceOrientationPortrait UIInterfaceOrientationPortraitUpsideDown UIInterfaceOrientationLandscapeLeft UIInterfaceOrientationLandscapeRight";
				INFOPLIST_KEY_UISupportedInterfaceOrientations_iPhone = "UIInterfaceOrientationPortrait UIInterfaceOrientationLandscapeLeft UIInterfaceOrientationLandscapeRight";
				LD_RUNPATH_SEARCH_PATHS = (
					"$(inherited)",
					"@executable_path/Frameworks",
				);
				MARKETING_VERSION = 1.0;
				PRODUCT_BUNDLE_IDENTIFIER = com.mux.stats.example.swftpackagemanager.libraryinstallation.SwiftDataLibraryInstallation;
				PRODUCT_NAME = "$(TARGET_NAME)";
				SWIFT_EMIT_LOC_STRINGS = YES;
				SWIFT_VERSION = 5.0;
				TARGETED_DEVICE_FAMILY = "1,2";
			};
			name = Release;
		};
		19A571622AC1DF57003416DE /* Debug */ = {
			isa = XCBuildConfiguration;
			buildSettings = {
				ALWAYS_EMBED_SWIFT_STANDARD_LIBRARIES = YES;
				BUNDLE_LOADER = "$(TEST_HOST)";
				CODE_SIGN_STYLE = Automatic;
				CURRENT_PROJECT_VERSION = 1;
				DEVELOPMENT_TEAM = XX95P4Y787;
				GENERATE_INFOPLIST_FILE = YES;
				IPHONEOS_DEPLOYMENT_TARGET = 17.0;
				MARKETING_VERSION = 1.0;
				PRODUCT_BUNDLE_IDENTIFIER = com.mux.stats.example.swftpackagemanager.libraryinstallation.SwiftDataLibraryInstallationTests;
				PRODUCT_NAME = "$(TARGET_NAME)";
				SWIFT_EMIT_LOC_STRINGS = NO;
				SWIFT_VERSION = 5.0;
				TARGETED_DEVICE_FAMILY = "1,2";
				TEST_HOST = "$(BUILT_PRODUCTS_DIR)/SwiftDataLibraryInstallation.app/$(BUNDLE_EXECUTABLE_FOLDER_PATH)/SwiftDataLibraryInstallation";
			};
			name = Debug;
		};
		19A571632AC1DF57003416DE /* Release */ = {
			isa = XCBuildConfiguration;
			buildSettings = {
				ALWAYS_EMBED_SWIFT_STANDARD_LIBRARIES = YES;
				BUNDLE_LOADER = "$(TEST_HOST)";
				CODE_SIGN_STYLE = Automatic;
				CURRENT_PROJECT_VERSION = 1;
				DEVELOPMENT_TEAM = XX95P4Y787;
				GENERATE_INFOPLIST_FILE = YES;
				IPHONEOS_DEPLOYMENT_TARGET = 17.0;
				MARKETING_VERSION = 1.0;
				PRODUCT_BUNDLE_IDENTIFIER = com.mux.stats.example.swftpackagemanager.libraryinstallation.SwiftDataLibraryInstallationTests;
				PRODUCT_NAME = "$(TARGET_NAME)";
				SWIFT_EMIT_LOC_STRINGS = NO;
				SWIFT_VERSION = 5.0;
				TARGETED_DEVICE_FAMILY = "1,2";
				TEST_HOST = "$(BUILT_PRODUCTS_DIR)/SwiftDataLibraryInstallation.app/$(BUNDLE_EXECUTABLE_FOLDER_PATH)/SwiftDataLibraryInstallation";
			};
			name = Release;
		};
		19A571652AC1DF57003416DE /* Debug */ = {
			isa = XCBuildConfiguration;
			buildSettings = {
				ALWAYS_EMBED_SWIFT_STANDARD_LIBRARIES = YES;
				CODE_SIGN_STYLE = Automatic;
				CURRENT_PROJECT_VERSION = 1;
				DEVELOPMENT_TEAM = XX95P4Y787;
				GENERATE_INFOPLIST_FILE = YES;
				MARKETING_VERSION = 1.0;
				PRODUCT_BUNDLE_IDENTIFIER = com.mux.stats.example.swftpackagemanager.libraryinstallation.SwiftDataLibraryInstallationUITests;
				PRODUCT_NAME = "$(TARGET_NAME)";
				SWIFT_EMIT_LOC_STRINGS = NO;
				SWIFT_VERSION = 5.0;
				TARGETED_DEVICE_FAMILY = "1,2";
				TEST_TARGET_NAME = SwiftDataLibraryInstallation;
			};
			name = Debug;
		};
		19A571662AC1DF57003416DE /* Release */ = {
			isa = XCBuildConfiguration;
			buildSettings = {
				ALWAYS_EMBED_SWIFT_STANDARD_LIBRARIES = YES;
				CODE_SIGN_STYLE = Automatic;
				CURRENT_PROJECT_VERSION = 1;
				DEVELOPMENT_TEAM = XX95P4Y787;
				GENERATE_INFOPLIST_FILE = YES;
				MARKETING_VERSION = 1.0;
				PRODUCT_BUNDLE_IDENTIFIER = com.mux.stats.example.swftpackagemanager.libraryinstallation.SwiftDataLibraryInstallationUITests;
				PRODUCT_NAME = "$(TARGET_NAME)";
				SWIFT_EMIT_LOC_STRINGS = NO;
				SWIFT_VERSION = 5.0;
				TARGETED_DEVICE_FAMILY = "1,2";
				TEST_TARGET_NAME = SwiftDataLibraryInstallation;
			};
			name = Release;
		};
/* End XCBuildConfiguration section */

/* Begin XCConfigurationList section */
		19A5712F2AC1DF56003416DE /* Build configuration list for PBXProject "SwiftDataLibraryInstallation" */ = {
			isa = XCConfigurationList;
			buildConfigurations = (
				19A5715C2AC1DF57003416DE /* Debug */,
				19A5715D2AC1DF57003416DE /* Release */,
			);
			defaultConfigurationIsVisible = 0;
			defaultConfigurationName = Release;
		};
		19A5715E2AC1DF57003416DE /* Build configuration list for PBXNativeTarget "SwiftDataLibraryInstallation" */ = {
			isa = XCConfigurationList;
			buildConfigurations = (
				19A5715F2AC1DF57003416DE /* Debug */,
				19A571602AC1DF57003416DE /* Release */,
			);
			defaultConfigurationIsVisible = 0;
			defaultConfigurationName = Release;
		};
		19A571612AC1DF57003416DE /* Build configuration list for PBXNativeTarget "SwiftDataLibraryInstallationTests" */ = {
			isa = XCConfigurationList;
			buildConfigurations = (
				19A571622AC1DF57003416DE /* Debug */,
				19A571632AC1DF57003416DE /* Release */,
			);
			defaultConfigurationIsVisible = 0;
			defaultConfigurationName = Release;
		};
		19A571642AC1DF57003416DE /* Build configuration list for PBXNativeTarget "SwiftDataLibraryInstallationUITests" */ = {
			isa = XCConfigurationList;
			buildConfigurations = (
				19A571652AC1DF57003416DE /* Debug */,
				19A571662AC1DF57003416DE /* Release */,
			);
			defaultConfigurationIsVisible = 0;
			defaultConfigurationName = Release;
		};
/* End XCConfigurationList section */

/* Begin XCLocalSwiftPackageReference section */
		19A571672AC1DF8B003416DE /* XCLocalSwiftPackageReference "../MuxDataContainer" */ = {
			isa = XCLocalSwiftPackageReference;
			relativePath = ../MuxDataContainer;
		};
/* End XCLocalSwiftPackageReference section */

/* Begin XCSwiftPackageProductDependency section */
		19A571682AC1DF8C003416DE /* MuxDataContainer */ = {
			isa = XCSwiftPackageProductDependency;
			productName = MuxDataContainer;
		};
/* End XCSwiftPackageProductDependency section */
	};
	rootObject = 19A5712C2AC1DF56003416DE /* Project object */;
}
