// !$*UTF8*$!
{
	archiveVersion = 1;
	classes = {
	};
	objectVersion = 46;
	objects = {

/* Begin PBXBuildFile section */
		0625D02520BF1B06009B4A48 /* MuxLiveConfiguration.swift in Sources */ = {isa = PBXBuildFile; fileRef = 0625D02420BF1B06009B4A48 /* MuxLiveConfiguration.swift */; };
		064DCF5120C054DD000960C5 /* ConnectViewController.swift in Sources */ = {isa = PBXBuildFile; fileRef = 064DCF5020C054DC000960C5 /* ConnectViewController.swift */; };
		06AC206720A1006F00D37921 /* LaunchScreen.storyboard in Resources */ = {isa = PBXBuildFile; fileRef = 06AC206620A1006F00D37921 /* LaunchScreen.storyboard */; };
		06BF168420BDEE1000044640 /* MuxBroadcastViewController.swift in Sources */ = {isa = PBXBuildFile; fileRef = 06BF168220BDEE0900044640 /* MuxBroadcastViewController.swift */; };
		06BF168820BE1F7700044640 /* Images.xcassets in Resources */ = {isa = PBXBuildFile; fileRef = 06BF168720BE1F7700044640 /* Images.xcassets */; };
		06DE65A41E18E3BE00C064DE /* AppDelegate.swift in Sources */ = {isa = PBXBuildFile; fileRef = 06DE65A31E18E3BE00C064DE /* AppDelegate.swift */; };
		06DE65A61E18E3BE00C064DE /* ViewController.swift in Sources */ = {isa = PBXBuildFile; fileRef = 06DE65A51E18E3BE00C064DE /* ViewController.swift */; };
		06DE65B71E19009000C064DE /* MuxLive.swift in Sources */ = {isa = PBXBuildFile; fileRef = 06DE65B61E19009000C064DE /* MuxLive.swift */; };
		AEE66B937ED3D996559301C8 /* Pods_MuxLive.framework in Frameworks */ = {isa = PBXBuildFile; fileRef = CDFFCF90BE0F349AAA35B0FC /* Pods_MuxLive.framework */; };
/* End PBXBuildFile section */

/* Begin PBXFileReference section */
		0625D02420BF1B06009B4A48 /* MuxLiveConfiguration.swift */ = {isa = PBXFileReference; lastKnownFileType = sourcecode.swift; name = MuxLiveConfiguration.swift; path = Sources/MuxLiveConfiguration.swift; sourceTree = "<group>"; };
		064DCF5020C054DC000960C5 /* ConnectViewController.swift */ = {isa = PBXFileReference; fileEncoding = 4; lastKnownFileType = sourcecode.swift; name = ConnectViewController.swift; path = App/ConnectViewController.swift; sourceTree = "<group>"; };
		066A170C1E6F7CE600514A95 /* MuxLive.h */ = {isa = PBXFileReference; lastKnownFileType = sourcecode.c.h; name = MuxLive.h; path = Sources/MuxLive.h; sourceTree = "<group>"; };
		066A170D1E6F7CE600514A95 /* Info.plist */ = {isa = PBXFileReference; lastKnownFileType = text.plist.xml; name = Info.plist; path = Framework/Info.plist; sourceTree = "<group>"; };
		06AC206620A1006F00D37921 /* LaunchScreen.storyboard */ = {isa = PBXFileReference; fileEncoding = 4; lastKnownFileType = file.storyboard; name = LaunchScreen.storyboard; path = App/LaunchScreen.storyboard; sourceTree = SOURCE_ROOT; };
		06BF168220BDEE0900044640 /* MuxBroadcastViewController.swift */ = {isa = PBXFileReference; lastKnownFileType = sourcecode.swift; name = MuxBroadcastViewController.swift; path = Sources/MuxBroadcastViewController.swift; sourceTree = "<group>"; };
		06BF168720BE1F7700044640 /* Images.xcassets */ = {isa = PBXFileReference; lastKnownFileType = folder.assetcatalog; path = Images.xcassets; sourceTree = "<group>"; };
		06DE65A01E18E3BE00C064DE /* MuxLive.app */ = {isa = PBXFileReference; explicitFileType = wrapper.application; includeInIndex = 0; path = MuxLive.app; sourceTree = BUILT_PRODUCTS_DIR; };
		06DE65A31E18E3BE00C064DE /* AppDelegate.swift */ = {isa = PBXFileReference; lastKnownFileType = sourcecode.swift; name = AppDelegate.swift; path = App/AppDelegate.swift; sourceTree = "<group>"; };
		06DE65A51E18E3BE00C064DE /* ViewController.swift */ = {isa = PBXFileReference; lastKnownFileType = sourcecode.swift; name = ViewController.swift; path = App/ViewController.swift; sourceTree = "<group>"; };
		06DE65AF1E18E3BE00C064DE /* Info.plist */ = {isa = PBXFileReference; fileEncoding = 4; lastKnownFileType = text.plist.xml; name = Info.plist; path = App/Info.plist; sourceTree = "<group>"; };
		06DE65B61E19009000C064DE /* MuxLive.swift */ = {isa = PBXFileReference; fileEncoding = 4; lastKnownFileType = sourcecode.swift; name = MuxLive.swift; path = Sources/MuxLive.swift; sourceTree = "<group>"; };
		06FA57781E1A2AC6001E66A5 /* Base.xcconfig */ = {isa = PBXFileReference; lastKnownFileType = text.xcconfig; path = Base.xcconfig; sourceTree = "<group>"; };
		06FA57791E1A2AC6001E66A5 /* Debug.xcconfig */ = {isa = PBXFileReference; lastKnownFileType = text.xcconfig; path = Debug.xcconfig; sourceTree = "<group>"; };
		06FA577A1E1A2AC6001E66A5 /* Release.xcconfig */ = {isa = PBXFileReference; lastKnownFileType = text.xcconfig; path = Release.xcconfig; sourceTree = "<group>"; };
		3569AFDFEDFEE0B78D96EBC7 /* Pods-MuxLive.debug.xcconfig */ = {isa = PBXFileReference; includeInIndex = 1; lastKnownFileType = text.xcconfig; name = "Pods-MuxLive.debug.xcconfig"; path = "Target Support Files/Pods-MuxLive/Pods-MuxLive.debug.xcconfig"; sourceTree = "<group>"; };
		CD9E5DC47C03021C03663382 /* Pods-MuxLive.release.xcconfig */ = {isa = PBXFileReference; includeInIndex = 1; lastKnownFileType = text.xcconfig; name = "Pods-MuxLive.release.xcconfig"; path = "Target Support Files/Pods-MuxLive/Pods-MuxLive.release.xcconfig"; sourceTree = "<group>"; };
		CDFFCF90BE0F349AAA35B0FC /* Pods_MuxLive.framework */ = {isa = PBXFileReference; explicitFileType = wrapper.framework; includeInIndex = 0; path = Pods_MuxLive.framework; sourceTree = BUILT_PRODUCTS_DIR; };
/* End PBXFileReference section */

/* Begin PBXFrameworksBuildPhase section */
		06DE659D1E18E3BE00C064DE /* Frameworks */ = {
			isa = PBXFrameworksBuildPhase;
			buildActionMask = 2147483647;
			files = (
				AEE66B937ED3D996559301C8 /* Pods_MuxLive.framework in Frameworks */,
			);
			runOnlyForDeploymentPostprocessing = 0;
		};
/* End PBXFrameworksBuildPhase section */

/* Begin PBXGroup section */
		06BF9FAD2078A03900B8895D /* Framework */ = {
			isa = PBXGroup;
			children = (
				066A170C1E6F7CE600514A95 /* MuxLive.h */,
				066A170D1E6F7CE600514A95 /* Info.plist */,
			);
			name = Framework;
			sourceTree = "<group>";
		};
		06BF9FB02078A0C800B8895D /* MuxLive */ = {
			isa = PBXGroup;
			children = (
				06BF168220BDEE0900044640 /* MuxBroadcastViewController.swift */,
				06DE65B61E19009000C064DE /* MuxLive.swift */,
				0625D02420BF1B06009B4A48 /* MuxLiveConfiguration.swift */,
			);
			name = MuxLive;
			sourceTree = "<group>";
		};
		06DE65971E18E3BE00C064DE = {
			isa = PBXGroup;
			children = (
				06DE65B81E19009B00C064DE /* App */,
				06BF9FAD2078A03900B8895D /* Framework */,
				06BF9FB02078A0C800B8895D /* MuxLive */,
				06DE65B51E18FF2D00C064DE /* Supporting Files */,
				06DE65A11E18E3BE00C064DE /* Products */,
				A2FC16A5213EF16032E9452A /* Pods */,
				D7E0D4B47555A53FC7A8F373 /* Frameworks */,
			);
			sourceTree = "<group>";
		};
		06DE65A11E18E3BE00C064DE /* Products */ = {
			isa = PBXGroup;
			children = (
				06DE65A01E18E3BE00C064DE /* MuxLive.app */,
			);
			name = Products;
			sourceTree = "<group>";
		};
		06DE65B51E18FF2D00C064DE /* Supporting Files */ = {
			isa = PBXGroup;
			children = (
				06FA57781E1A2AC6001E66A5 /* Base.xcconfig */,
				06FA57791E1A2AC6001E66A5 /* Debug.xcconfig */,
				06FA577A1E1A2AC6001E66A5 /* Release.xcconfig */,
				06BF168720BE1F7700044640 /* Images.xcassets */,
				06AC206620A1006F00D37921 /* LaunchScreen.storyboard */,
			);
			name = "Supporting Files";
			path = App;
			sourceTree = "<group>";
		};
		06DE65B81E19009B00C064DE /* App */ = {
			isa = PBXGroup;
			children = (
				06DE65A31E18E3BE00C064DE /* AppDelegate.swift */,
				064DCF5020C054DC000960C5 /* ConnectViewController.swift */,
				06DE65A51E18E3BE00C064DE /* ViewController.swift */,
				06DE65AF1E18E3BE00C064DE /* Info.plist */,
			);
			name = App;
			sourceTree = "<group>";
		};
		A2FC16A5213EF16032E9452A /* Pods */ = {
			isa = PBXGroup;
			children = (
				3569AFDFEDFEE0B78D96EBC7 /* Pods-MuxLive.debug.xcconfig */,
				CD9E5DC47C03021C03663382 /* Pods-MuxLive.release.xcconfig */,
			);
			path = Pods;
			sourceTree = "<group>";
		};
		D7E0D4B47555A53FC7A8F373 /* Frameworks */ = {
			isa = PBXGroup;
			children = (
				CDFFCF90BE0F349AAA35B0FC /* Pods_MuxLive.framework */,
			);
			name = Frameworks;
			sourceTree = "<group>";
		};
/* End PBXGroup section */

/* Begin PBXNativeTarget section */
		06DE659F1E18E3BE00C064DE /* MuxLive */ = {
			isa = PBXNativeTarget;
			buildConfigurationList = 06DE65B21E18E3BE00C064DE /* Build configuration list for PBXNativeTarget "MuxLive" */;
			buildPhases = (
				8B5C69E9573DF5CE06BF49A5 /* [CP] Check Pods Manifest.lock */,
				06DE659C1E18E3BE00C064DE /* Sources */,
				06DE659D1E18E3BE00C064DE /* Frameworks */,
				06DE659E1E18E3BE00C064DE /* Resources */,
				3E2D9FFC3E929C39DD60E5EF /* [CP] Embed Pods Frameworks */,
			);
			buildRules = (
			);
			dependencies = (
			);
			name = MuxLive;
			productName = Connect;
			productReference = 06DE65A01E18E3BE00C064DE /* MuxLive.app */;
			productType = "com.apple.product-type.application";
		};
/* End PBXNativeTarget section */

/* Begin PBXProject section */
		06DE65981E18E3BE00C064DE /* Project object */ = {
			isa = PBXProject;
			attributes = {
				LastSwiftUpdateCheck = 0820;
				LastUpgradeCheck = 0930;
				ORGANIZATIONNAME = "Mux, Inc.";
				TargetAttributes = {
					06DE659F1E18E3BE00C064DE = {
						CreatedOnToolsVersion = 8.2.1;
						DevelopmentTeam = CX6AHWLHM6;
						LastSwiftMigration = 0900;
						ProvisioningStyle = Automatic;
					};
				};
			};
			buildConfigurationList = 06DE659B1E18E3BE00C064DE /* Build configuration list for PBXProject "MuxLive" */;
			compatibilityVersion = "Xcode 3.2";
			developmentRegion = English;
			hasScannedForEncodings = 0;
			knownRegions = (
				English,
				en,
				Base,
			);
			mainGroup = 06DE65971E18E3BE00C064DE;
			productRefGroup = 06DE65A11E18E3BE00C064DE /* Products */;
			projectDirPath = "";
			projectRoot = "";
			targets = (
				06DE659F1E18E3BE00C064DE /* MuxLive */,
			);
		};
/* End PBXProject section */

/* Begin PBXResourcesBuildPhase section */
		06DE659E1E18E3BE00C064DE /* Resources */ = {
			isa = PBXResourcesBuildPhase;
			buildActionMask = 2147483647;
			files = (
				06BF168820BE1F7700044640 /* Images.xcassets in Resources */,
				06AC206720A1006F00D37921 /* LaunchScreen.storyboard in Resources */,
			);
			runOnlyForDeploymentPostprocessing = 0;
		};
/* End PBXResourcesBuildPhase section */

/* Begin PBXShellScriptBuildPhase section */
		3E2D9FFC3E929C39DD60E5EF /* [CP] Embed Pods Frameworks */ = {
			isa = PBXShellScriptBuildPhase;
			buildActionMask = 2147483647;
			files = (
			);
			inputPaths = (
				"${PODS_ROOT}/Target Support Files/Pods-MuxLive/Pods-MuxLive-frameworks.sh",
				"${BUILT_PRODUCTS_DIR}/Alamofire/Alamofire.framework",
				"${BUILT_PRODUCTS_DIR}/Hue/Hue.framework",
				"${BUILT_PRODUCTS_DIR}/LFLiveKit/LFLiveKit.framework",
				"${BUILT_PRODUCTS_DIR}/NextLevel/NextLevel.framework",
				"${BUILT_PRODUCTS_DIR}/RPCircularProgress/RPCircularProgress.framework",
			);
			name = "[CP] Embed Pods Frameworks";
			outputPaths = (
				"${TARGET_BUILD_DIR}/${FRAMEWORKS_FOLDER_PATH}/Alamofire.framework",
				"${TARGET_BUILD_DIR}/${FRAMEWORKS_FOLDER_PATH}/Hue.framework",
				"${TARGET_BUILD_DIR}/${FRAMEWORKS_FOLDER_PATH}/LFLiveKit.framework",
				"${TARGET_BUILD_DIR}/${FRAMEWORKS_FOLDER_PATH}/NextLevel.framework",
				"${TARGET_BUILD_DIR}/${FRAMEWORKS_FOLDER_PATH}/RPCircularProgress.framework",
			);
			runOnlyForDeploymentPostprocessing = 0;
			shellPath = /bin/sh;
			shellScript = "\"${PODS_ROOT}/Target Support Files/Pods-MuxLive/Pods-MuxLive-frameworks.sh\"\n";
			showEnvVarsInLog = 0;
		};
		8B5C69E9573DF5CE06BF49A5 /* [CP] Check Pods Manifest.lock */ = {
			isa = PBXShellScriptBuildPhase;
			buildActionMask = 2147483647;
			files = (
			);
			inputFileListPaths = (
			);
			inputPaths = (
				"${PODS_PODFILE_DIR_PATH}/Podfile.lock",
				"${PODS_ROOT}/Manifest.lock",
			);
			name = "[CP] Check Pods Manifest.lock";
			outputFileListPaths = (
			);
			outputPaths = (
				"$(DERIVED_FILE_DIR)/Pods-MuxLive-checkManifestLockResult.txt",
			);
			runOnlyForDeploymentPostprocessing = 0;
			shellPath = /bin/sh;
			shellScript = "diff \"${PODS_PODFILE_DIR_PATH}/Podfile.lock\" \"${PODS_ROOT}/Manifest.lock\" > /dev/null\nif [ $? != 0 ] ; then\n    # print error to STDERR\n    echo \"error: The sandbox is not in sync with the Podfile.lock. Run 'pod install' or update your CocoaPods installation.\" >&2\n    exit 1\nfi\n# This output is used by Xcode 'outputs' to avoid re-running this script phase.\necho \"SUCCESS\" > \"${SCRIPT_OUTPUT_FILE_0}\"\n";
			showEnvVarsInLog = 0;
		};
/* End PBXShellScriptBuildPhase section */

/* Begin PBXSourcesBuildPhase section */
		06DE659C1E18E3BE00C064DE /* Sources */ = {
			isa = PBXSourcesBuildPhase;
			buildActionMask = 2147483647;
			files = (
				064DCF5120C054DD000960C5 /* ConnectViewController.swift in Sources */,
				06DE65A61E18E3BE00C064DE /* ViewController.swift in Sources */,
				0625D02520BF1B06009B4A48 /* MuxLiveConfiguration.swift in Sources */,
				06DE65A41E18E3BE00C064DE /* AppDelegate.swift in Sources */,
				06DE65B71E19009000C064DE /* MuxLive.swift in Sources */,
				06BF168420BDEE1000044640 /* MuxBroadcastViewController.swift in Sources */,
			);
			runOnlyForDeploymentPostprocessing = 0;
		};
/* End PBXSourcesBuildPhase section */

/* Begin XCBuildConfiguration section */
		06DE65B01E18E3BE00C064DE /* Debug */ = {
			isa = XCBuildConfiguration;
			buildSettings = {
				ALWAYS_SEARCH_USER_PATHS = NO;
				CLANG_ANALYZER_NONNULL = YES;
				CLANG_CXX_LANGUAGE_STANDARD = "gnu++0x";
				CLANG_CXX_LIBRARY = "libc++";
				CLANG_ENABLE_MODULES = YES;
				CLANG_ENABLE_OBJC_ARC = YES;
				CLANG_WARN_BLOCK_CAPTURE_AUTORELEASING = YES;
				CLANG_WARN_BOOL_CONVERSION = YES;
				CLANG_WARN_COMMA = YES;
				CLANG_WARN_CONSTANT_CONVERSION = YES;
				CLANG_WARN_DEPRECATED_OBJC_IMPLEMENTATIONS = YES;
				CLANG_WARN_DIRECT_OBJC_ISA_USAGE = YES_ERROR;
				CLANG_WARN_DOCUMENTATION_COMMENTS = YES;
				CLANG_WARN_EMPTY_BODY = YES;
				CLANG_WARN_ENUM_CONVERSION = YES;
				CLANG_WARN_INFINITE_RECURSION = YES;
				CLANG_WARN_INT_CONVERSION = YES;
				CLANG_WARN_NON_LITERAL_NULL_CONVERSION = YES;
				CLANG_WARN_OBJC_IMPLICIT_RETAIN_SELF = YES;
				CLANG_WARN_OBJC_LITERAL_CONVERSION = YES;
				CLANG_WARN_OBJC_ROOT_CLASS = YES_ERROR;
				CLANG_WARN_RANGE_LOOP_ANALYSIS = YES;
				CLANG_WARN_STRICT_PROTOTYPES = YES;
				CLANG_WARN_SUSPICIOUS_MOVE = YES;
				CLANG_WARN_UNREACHABLE_CODE = YES;
				CLANG_WARN__DUPLICATE_METHOD_MATCH = YES;
				"CODE_SIGN_IDENTITY[sdk=iphoneos*]" = "iPhone Developer";
				COPY_PHASE_STRIP = NO;
				DEBUG_INFORMATION_FORMAT = dwarf;
				DEVELOPMENT_TEAM = CX6AHWLHM6;
				ENABLE_STRICT_OBJC_MSGSEND = YES;
				ENABLE_TESTABILITY = YES;
				GCC_C_LANGUAGE_STANDARD = gnu99;
				GCC_DYNAMIC_NO_PIC = NO;
				GCC_NO_COMMON_BLOCKS = YES;
				GCC_OPTIMIZATION_LEVEL = 0;
				GCC_PREPROCESSOR_DEFINITIONS = (
					"DEBUG=1",
					"$(inherited)",
				);
				GCC_WARN_64_TO_32_BIT_CONVERSION = YES;
				GCC_WARN_ABOUT_RETURN_TYPE = YES_ERROR;
				GCC_WARN_UNDECLARED_SELECTOR = YES;
				GCC_WARN_UNINITIALIZED_AUTOS = YES_AGGRESSIVE;
				GCC_WARN_UNUSED_FUNCTION = YES;
				GCC_WARN_UNUSED_VARIABLE = YES;
				IPHONEOS_DEPLOYMENT_TARGET = 11.0;
				MTL_ENABLE_DEBUG_INFO = YES;
				ONLY_ACTIVE_ARCH = YES;
				SDKROOT = iphoneos;
				SWIFT_ACTIVE_COMPILATION_CONDITIONS = DEBUG;
				SWIFT_OPTIMIZATION_LEVEL = "-Onone";
				TARGETED_DEVICE_FAMILY = "1,2";
			};
			name = Debug;
		};
		06DE65B11E18E3BE00C064DE /* Release */ = {
			isa = XCBuildConfiguration;
			buildSettings = {
				ALWAYS_SEARCH_USER_PATHS = NO;
				CLANG_ANALYZER_NONNULL = YES;
				CLANG_CXX_LANGUAGE_STANDARD = "gnu++0x";
				CLANG_CXX_LIBRARY = "libc++";
				CLANG_ENABLE_MODULES = YES;
				CLANG_ENABLE_OBJC_ARC = YES;
				CLANG_WARN_BLOCK_CAPTURE_AUTORELEASING = YES;
				CLANG_WARN_BOOL_CONVERSION = YES;
				CLANG_WARN_COMMA = YES;
				CLANG_WARN_CONSTANT_CONVERSION = YES;
				CLANG_WARN_DEPRECATED_OBJC_IMPLEMENTATIONS = YES;
				CLANG_WARN_DIRECT_OBJC_ISA_USAGE = YES_ERROR;
				CLANG_WARN_DOCUMENTATION_COMMENTS = YES;
				CLANG_WARN_EMPTY_BODY = YES;
				CLANG_WARN_ENUM_CONVERSION = YES;
				CLANG_WARN_INFINITE_RECURSION = YES;
				CLANG_WARN_INT_CONVERSION = YES;
				CLANG_WARN_NON_LITERAL_NULL_CONVERSION = YES;
				CLANG_WARN_OBJC_IMPLICIT_RETAIN_SELF = YES;
				CLANG_WARN_OBJC_LITERAL_CONVERSION = YES;
				CLANG_WARN_OBJC_ROOT_CLASS = YES_ERROR;
				CLANG_WARN_RANGE_LOOP_ANALYSIS = YES;
				CLANG_WARN_STRICT_PROTOTYPES = YES;
				CLANG_WARN_SUSPICIOUS_MOVE = YES;
				CLANG_WARN_UNREACHABLE_CODE = YES;
				CLANG_WARN__DUPLICATE_METHOD_MATCH = YES;
				"CODE_SIGN_IDENTITY[sdk=iphoneos*]" = "iPhone Developer";
				COPY_PHASE_STRIP = NO;
				DEBUG_INFORMATION_FORMAT = "dwarf-with-dsym";
				DEVELOPMENT_TEAM = CX6AHWLHM6;
				ENABLE_NS_ASSERTIONS = NO;
				ENABLE_STRICT_OBJC_MSGSEND = YES;
				GCC_C_LANGUAGE_STANDARD = gnu99;
				GCC_NO_COMMON_BLOCKS = YES;
				GCC_WARN_64_TO_32_BIT_CONVERSION = YES;
				GCC_WARN_ABOUT_RETURN_TYPE = YES_ERROR;
				GCC_WARN_UNDECLARED_SELECTOR = YES;
				GCC_WARN_UNINITIALIZED_AUTOS = YES_AGGRESSIVE;
				GCC_WARN_UNUSED_FUNCTION = YES;
				GCC_WARN_UNUSED_VARIABLE = YES;
				IPHONEOS_DEPLOYMENT_TARGET = 11.0;
				MTL_ENABLE_DEBUG_INFO = NO;
				SDKROOT = iphoneos;
				SWIFT_OPTIMIZATION_LEVEL = "-Owholemodule";
				TARGETED_DEVICE_FAMILY = "1,2";
				VALIDATE_PRODUCT = YES;
			};
			name = Release;
		};
		06DE65B31E18E3BE00C064DE /* Debug */ = {
			isa = XCBuildConfiguration;
			baseConfigurationReference = 3569AFDFEDFEE0B78D96EBC7 /* Pods-MuxLive.debug.xcconfig */;
			buildSettings = {
				ASSETCATALOG_COMPILER_APPICON_NAME = AppIcon;
				CODE_SIGN_IDENTITY = "Apple Development";
				CODE_SIGN_STYLE = Automatic;
				DEVELOPMENT_TEAM = CX6AHWLHM6;
				INFOPLIST_FILE = "$(SRCROOT)/App/Info.plist";
				LD_RUNPATH_SEARCH_PATHS = "$(inherited) @executable_path/Frameworks";
				PRODUCT_BUNDLE_IDENTIFIER = com.mux.MuxLiveApp;
				PRODUCT_NAME = "$(TARGET_NAME)";
				PROVISIONING_PROFILE_SPECIFIER = "";
				SWIFT_VERSION = 5.0;
				TARGETED_DEVICE_FAMILY = 1;
			};
			name = Debug;
		};
		06DE65B41E18E3BE00C064DE /* Release */ = {
			isa = XCBuildConfiguration;
			baseConfigurationReference = CD9E5DC47C03021C03663382 /* Pods-MuxLive.release.xcconfig */;
			buildSettings = {
				ASSETCATALOG_COMPILER_APPICON_NAME = AppIcon;
				CODE_SIGN_IDENTITY = "Apple Development";
				CODE_SIGN_STYLE = Automatic;
				DEVELOPMENT_TEAM = CX6AHWLHM6;
				INFOPLIST_FILE = "$(SRCROOT)/App/Info.plist";
				LD_RUNPATH_SEARCH_PATHS = "$(inherited) @executable_path/Frameworks";
				PRODUCT_BUNDLE_IDENTIFIER = com.mux.MuxLiveApp;
				PRODUCT_NAME = "$(TARGET_NAME)";
				PROVISIONING_PROFILE_SPECIFIER = "";
				SWIFT_VERSION = 5.0;
				TARGETED_DEVICE_FAMILY = 1;
			};
			name = Release;
		};
/* End XCBuildConfiguration section */

/* Begin XCConfigurationList section */
		06DE659B1E18E3BE00C064DE /* Build configuration list for PBXProject "MuxLive" */ = {
			isa = XCConfigurationList;
			buildConfigurations = (
				06DE65B01E18E3BE00C064DE /* Debug */,
				06DE65B11E18E3BE00C064DE /* Release */,
			);
			defaultConfigurationIsVisible = 0;
			defaultConfigurationName = Release;
		};
		06DE65B21E18E3BE00C064DE /* Build configuration list for PBXNativeTarget "MuxLive" */ = {
			isa = XCConfigurationList;
			buildConfigurations = (
				06DE65B31E18E3BE00C064DE /* Debug */,
				06DE65B41E18E3BE00C064DE /* Release */,
			);
			defaultConfigurationIsVisible = 0;
			defaultConfigurationName = Release;
		};
/* End XCConfigurationList section */
	};
	rootObject = 06DE65981E18E3BE00C064DE /* Project object */;
}
